
Microsoft Visual Studio Solution File, Format Version 12.00
# Visual Studio 15
Project("{FAE04EC0-301F-11D3-BF4B-00C04F79EFBC}") = "UnityEngine.UI", "UnityEngine.UI.csproj", "{937916AD-CBBC-1473-BB80-2EA91C93A1C0}"
EndProject
Project("{FAE04EC0-301F-11D3-BF4B-00C04F79EFBC}") = "UnityEngine.TestRunner", "UnityEngine.TestRunner.csproj", "{475B8A9E-1EC5-6E7A-6A50-612B9CCED5CA}"
EndProject
Project("{FAE04EC0-301F-11D3-BF4B-00C04F79EFBC}") = "Unity.Mathematics", "Unity.Mathematics.csproj", "{6CD9179E-34F6-C0B3-7293-A6A27C547760}"
EndProject
Project("{FAE04EC0-301F-11D3-BF4B-00C04F79EFBC}") = "Unity.2D.Animation.Triangle.Runtime", "Unity.2D.Animation.Triangle.Runtime.csproj", "{30A681D7-27D4-26A2-5C53-0C7664C65234}"
EndProject
Project("{FAE04EC0-301F-11D3-BF4B-00C04F79EFBC}") = "Unity.Timeline", "Unity.Timeline.csproj", "{1D3345E9-DB57-BE3D-053B-CE6D65872EA3}"
EndProject
Project("{FAE04EC0-301F-11D3-BF4B-00C04F79EFBC}") = "Unity.TextMeshPro", "Unity.TextMeshPro.csproj", "{7E152083-9FF2-D3A0-52DE-48AD1CFCB49C}"
EndProject
Project("{FAE04EC0-301F-11D3-BF4B-00C04F79EFBC}") = "Unity.2D.Animation.Runtime", "Unity.2D.Animation.Runtime.csproj", "{CF72F2ED-DD30-814D-E571-9FCCADE49154}"
EndProject
Project("{FAE04EC0-301F-11D3-BF4B-00C04F79EFBC}") = "Unity.2D.IK.Runtime", "Unity.2D.IK.Runtime.csproj", "{53C59149-535D-BB3C-A72F-9B4217DEFA6C}"
EndProject
Project("{FAE04EC0-301F-11D3-BF4B-00C04F79EFBC}") = "Unity.2D.SpriteShape.Runtime", "Unity.2D.SpriteShape.Runtime.csproj", "{593227BB-6FA9-366C-CC3D-632FD7A06306}"
EndProject
Project("{FAE04EC0-301F-11D3-BF4B-00C04F79EFBC}") = "Unity.2D.PixelPerfect", "Unity.2D.PixelPerfect.csproj", "{82B66138-F08E-CAFE-A5AA-E584F851CF0B}"
EndProject
Project("{FAE04EC0-301F-11D3-BF4B-00C04F79EFBC}") = "Unity.2D.Common.Runtime", "Unity.2D.Common.Runtime.csproj", "{579C9419-9108-1BEF-E282-EB2ED29A6471}"
EndProject
Project("{FAE04EC0-301F-11D3-BF4B-00C04F79EFBC}") = "Unity.InternalAPIEngineBridge.001", "Unity.InternalAPIEngineBridge.001.csproj", "{6C16B834-CD5D-73DB-0D1A-523F7CCEC1F9}"
EndProject
Project("{FAE04EC0-301F-11D3-BF4B-00C04F79EFBC}") = "Assembly-CSharp", "Assembly-CSharp.csproj", "{CF690620-909D-C7F8-BC16-C9238A5D89D3}"
EndProject
Project("{FAE04EC0-301F-11D3-BF4B-00C04F79EFBC}") = "UnityEditor.TestRunner", "UnityEditor.TestRunner.csproj", "{46A11324-24BB-AA48-7882-0D0642875D46}"
EndProject
Project("{FAE04EC0-301F-11D3-BF4B-00C04F79EFBC}") = "Unity.PlasticSCM.Editor", "Unity.PlasticSCM.Editor.csproj", "{B1D47A6A-B81A-E209-DEC1-C4BD7EF74500}"
EndProject
Project("{FAE04EC0-301F-11D3-BF4B-00C04F79EFBC}") = "UnityEditor.UI", "UnityEditor.UI.csproj", "{0464D189-51CB-5F39-92D2-EEE819237225}"
EndProject
Project("{FAE04EC0-301F-11D3-BF4B-00C04F79EFBC}") = "Unity.Services.Core.Editor", "Unity.Services.Core.Editor.csproj", "{F6AE8686-A58A-A318-F743-B4BDA6FD1A13}"
EndProject
Project("{FAE04EC0-301F-11D3-BF4B-00C04F79EFBC}") = "Unity.Timeline.Editor", "Unity.Timeline.Editor.csproj", "{CA068CBA-530B-9F61-8B78-FED955B449A3}"
EndProject
Project("{FAE04EC0-301F-11D3-BF4B-00C04F79EFBC}") = "Unity.VisualStudio.Editor", "Unity.VisualStudio.Editor.csproj", "{3955B145-A68B-69B4-E025-B8BD9C49A8BD}"
EndProject
Project("{FAE04EC0-301F-11D3-BF4B-00C04F79EFBC}") = "Unity.2D.Psdimporter.Editor", "Unity.2D.Psdimporter.Editor.csproj", "{4CE252A0-65DF-3EDA-4995-B7CCC66997CB}"
EndProject
Project("{FAE04EC0-301F-11D3-BF4B-00C04F79EFBC}") = "Unity.2D.Animation.Editor", "Unity.2D.Animation.Editor.csproj", "{0B738A34-909B-1D8B-3020-D4AFEA23CCA6}"
EndProject
Project("{FAE04EC0-301F-11D3-BF4B-00C04F79EFBC}") = "Unity.TextMeshPro.Editor", "Unity.TextMeshPro.Editor.csproj", "{E3C5AB3D-7F55-52C3-930D-A45EFBBD7F56}"
EndProject
Project("{FAE04EC0-301F-11D3-BF4B-00C04F79EFBC}") = "Unity.2D.SpriteShape.Editor", "Unity.2D.SpriteShape.Editor.csproj", "{303D1A30-B400-060F-3636-18D728BC5EC9}"
EndProject
Project("{FAE04EC0-301F-11D3-BF4B-00C04F79EFBC}") = "Unity.CollabProxy.Editor", "Unity.CollabProxy.Editor.csproj", "{25B3B1A6-8509-73E6-D6B2-123981B54B2A}"
EndProject
Project("{FAE04EC0-301F-11D3-BF4B-00C04F79EFBC}") = "PsdPlugin", "PsdPlugin.csproj", "{24970B6C-656B-4545-6F1B-BA9D9F993EEB}"
EndProject
Project("{FAE04EC0-301F-11D3-BF4B-00C04F79EFBC}") = "Unity.2D.Path.Editor", "Unity.2D.Path.Editor.csproj", "{05941DB8-F498-8B5A-FC67-F99343FE90AB}"
EndProject
Project("{FAE04EC0-301F-11D3-BF4B-00C04F79EFBC}") = "Unity.Rider.Editor", "Unity.Rider.Editor.csproj", "{143947C2-864F-7689-17F1-7D03D7FDB8D5}"
EndProject
Project("{FAE04EC0-301F-11D3-BF4B-00C04F79EFBC}") = "Unity.2D.IK.Editor", "Unity.2D.IK.Editor.csproj", "{D0F5BF3F-1588-C98B-6019-C1A6254DF7DF}"
EndProject
Project("{FAE04EC0-301F-11D3-BF4B-00C04F79EFBC}") = "Unity.2D.Sprite.Editor", "Unity.2D.Sprite.Editor.csproj", "{841A3318-5541-69A0-2F37-CBD9214AEC6B}"
EndProject
Project("{FAE04EC0-301F-11D3-BF4B-00C04F79EFBC}") = "Unity.2D.Tilemap.Editor", "Unity.2D.Tilemap.Editor.csproj", "{F7E58F3A-55FD-38E5-954E-73A0FB08E462}"
EndProject
Project("{FAE04EC0-301F-11D3-BF4B-00C04F79EFBC}") = "Unity.2D.PixelPerfect.Editor", "Unity.2D.PixelPerfect.Editor.csproj", "{751C19C8-B7FD-EE52-13FE-9E0C947B42EF}"
EndProject
Project("{FAE04EC0-301F-11D3-BF4B-00C04F79EFBC}") = "Unity.VSCode.Editor", "Unity.VSCode.Editor.csproj", "{ECD939B0-096B-0D9D-8F49-42FB5AE0E502}"
EndProject
Project("{FAE04EC0-301F-11D3-BF4B-00C04F79EFBC}") = "Unity.2D.Common.Editor", "Unity.2D.Common.Editor.csproj", "{5410CBA6-4BE5-DADC-6915-55D4E8EE6AC2}"
EndProject
Project("{FAE04EC0-301F-11D3-BF4B-00C04F79EFBC}") = "Unity.Mathematics.Editor", "Unity.Mathematics.Editor.csproj", "{5FC9B82C-7E4A-9908-664A-EEB519DC00C4}"
EndProject
Project("{FAE04EC0-301F-11D3-BF4B-00C04F79EFBC}") = "Unity.InternalAPIEditorBridge.001", "Unity.InternalAPIEditorBridge.001.csproj", "{2DF5A359-1E44-ED1C-3F22-6D237DF3D1BA}"
EndProject
Project("{FAE04EC0-301F-11D3-BF4B-00C04F79EFBC}") = "UnityEngine.UI", "UnityEngine.UI.Player.csproj", "{4052FD22-05F5-BDAF-933F-3E96AC6E940A}"
EndProject
Project("{FAE04EC0-301F-11D3-BF4B-00C04F79EFBC}") = "UnityEngine.TestRunner", "UnityEngine.TestRunner.Player.csproj", "{735DC4E8-B1B5-BAE8-9F92-3BE2DA2F6521}"
EndProject
Project("{FAE04EC0-301F-11D3-BF4B-00C04F79EFBC}") = "Unity.Mathematics", "Unity.Mathematics.Player.csproj", "{A437BE92-4581-7BE6-D986-BEBDB5466C9B}"
EndProject
Project("{FAE04EC0-301F-11D3-BF4B-00C04F79EFBC}") = "Unity.2D.Animation.Triangle.Runtime", "Unity.2D.Animation.Triangle.Runtime.Player.csproj", "{EA007870-C478-7F1F-BD40-65CB4ED5FEE7}"
EndProject
Project("{FAE04EC0-301F-11D3-BF4B-00C04F79EFBC}") = "Unity.Timeline", "Unity.Timeline.Player.csproj", "{0BE63E76-F736-BA0D-CEA5-D0E549DF7336}"
EndProject
Project("{FAE04EC0-301F-11D3-BF4B-00C04F79EFBC}") = "Unity.TextMeshPro", "Unity.TextMeshPro.Player.csproj", "{51A15E40-D65C-8BEE-B6FA-FEB1A9097E7B}"
EndProject
Project("{FAE04EC0-301F-11D3-BF4B-00C04F79EFBC}") = "Unity.2D.Animation.Runtime", "Unity.2D.Animation.Runtime.Player.csproj", "{192851BF-50C8-B160-ACDB-59CD35087661}"
EndProject
Project("{FAE04EC0-301F-11D3-BF4B-00C04F79EFBC}") = "Unity.2D.IK.Runtime", "Unity.2D.IK.Runtime.Player.csproj", "{64D5DEF0-0703-CADC-2879-B56764142B8B}"
EndProject
Project("{FAE04EC0-301F-11D3-BF4B-00C04F79EFBC}") = "Unity.2D.SpriteShape.Runtime", "Unity.2D.SpriteShape.Runtime.Player.csproj", "{1EA7850F-C02B-9919-F63F-643BE44AA508}"
EndProject
Project("{FAE04EC0-301F-11D3-BF4B-00C04F79EFBC}") = "Unity.2D.PixelPerfect", "Unity.2D.PixelPerfect.Player.csproj", "{4F3D3807-7070-71C3-5143-D50C9B02FBD0}"
EndProject
Project("{FAE04EC0-301F-11D3-BF4B-00C04F79EFBC}") = "Unity.2D.Common.Runtime", "Unity.2D.Common.Runtime.Player.csproj", "{15CF8365-74CB-F397-1EF0-9C23C6A8AC30}"
EndProject
Project("{FAE04EC0-301F-11D3-BF4B-00C04F79EFBC}") = "Unity.InternalAPIEngineBridge.001", "Unity.InternalAPIEngineBridge.001.Player.csproj", "{35C639B7-A12A-1E7C-12B3-048CC76604ED}"
EndProject
Project("{FAE04EC0-301F-11D3-BF4B-00C04F79EFBC}") = "Assembly-CSharp", "Assembly-CSharp.Player.csproj", "{A68A964C-9DA0-9A61-99A8-E3A5AE60C6D5}"
EndProject
Global
	GlobalSection(SolutionConfigurationPlatforms) = preSolution
		Debug|Any CPU = Debug|Any CPU
		Release|Any CPU = Release|Any CPU
	EndGlobalSection
	GlobalSection(ProjectConfigurationPlatforms) = postSolution
		{937916AD-CBBC-1473-BB80-2EA91C93A1C0}.Debug|Any CPU.ActiveCfg = Debug|Any CPU
		{937916AD-CBBC-1473-BB80-2EA91C93A1C0}.Debug|Any CPU.Build.0 = Debug|Any CPU
		{937916AD-CBBC-1473-BB80-2EA91C93A1C0}.Release|Any CPU.ActiveCfg = Release|Any CPU
		{937916AD-CBBC-1473-BB80-2EA91C93A1C0}.Release|Any CPU.Build.0 = Release|Any CPU
		{475B8A9E-1EC5-6E7A-6A50-612B9CCED5CA}.Debug|Any CPU.ActiveCfg = Debug|Any CPU
		{475B8A9E-1EC5-6E7A-6A50-612B9CCED5CA}.Debug|Any CPU.Build.0 = Debug|Any CPU
		{475B8A9E-1EC5-6E7A-6A50-612B9CCED5CA}.Release|Any CPU.ActiveCfg = Release|Any CPU
		{475B8A9E-1EC5-6E7A-6A50-612B9CCED5CA}.Release|Any CPU.Build.0 = Release|Any CPU
		{6CD9179E-34F6-C0B3-7293-A6A27C547760}.Debug|Any CPU.ActiveCfg = Debug|Any CPU
		{6CD9179E-34F6-C0B3-7293-A6A27C547760}.Debug|Any CPU.Build.0 = Debug|Any CPU
		{6CD9179E-34F6-C0B3-7293-A6A27C547760}.Release|Any CPU.ActiveCfg = Release|Any CPU
		{6CD9179E-34F6-C0B3-7293-A6A27C547760}.Release|Any CPU.Build.0 = Release|Any CPU
		{30A681D7-27D4-26A2-5C53-0C7664C65234}.Debug|Any CPU.ActiveCfg = Debug|Any CPU
		{30A681D7-27D4-26A2-5C53-0C7664C65234}.Debug|Any CPU.Build.0 = Debug|Any CPU
		{30A681D7-27D4-26A2-5C53-0C7664C65234}.Release|Any CPU.ActiveCfg = Release|Any CPU
		{30A681D7-27D4-26A2-5C53-0C7664C65234}.Release|Any CPU.Build.0 = Release|Any CPU
		{1D3345E9-DB57-BE3D-053B-CE6D65872EA3}.Debug|Any CPU.ActiveCfg = Debug|Any CPU
		{1D3345E9-DB57-BE3D-053B-CE6D65872EA3}.Debug|Any CPU.Build.0 = Debug|Any CPU
		{1D3345E9-DB57-BE3D-053B-CE6D65872EA3}.Release|Any CPU.ActiveCfg = Release|Any CPU
		{1D3345E9-DB57-BE3D-053B-CE6D65872EA3}.Release|Any CPU.Build.0 = Release|Any CPU
		{7E152083-9FF2-D3A0-52DE-48AD1CFCB49C}.Debug|Any CPU.ActiveCfg = Debug|Any CPU
		{7E152083-9FF2-D3A0-52DE-48AD1CFCB49C}.Debug|Any CPU.Build.0 = Debug|Any CPU
		{7E152083-9FF2-D3A0-52DE-48AD1CFCB49C}.Release|Any CPU.ActiveCfg = Release|Any CPU
		{7E152083-9FF2-D3A0-52DE-48AD1CFCB49C}.Release|Any CPU.Build.0 = Release|Any CPU
		{CF72F2ED-DD30-814D-E571-9FCCADE49154}.Debug|Any CPU.ActiveCfg = Debug|Any CPU
		{CF72F2ED-DD30-814D-E571-9FCCADE49154}.Debug|Any CPU.Build.0 = Debug|Any CPU
		{CF72F2ED-DD30-814D-E571-9FCCADE49154}.Release|Any CPU.ActiveCfg = Release|Any CPU
		{CF72F2ED-DD30-814D-E571-9FCCADE49154}.Release|Any CPU.Build.0 = Release|Any CPU
		{53C59149-535D-BB3C-A72F-9B4217DEFA6C}.Debug|Any CPU.ActiveCfg = Debug|Any CPU
		{53C59149-535D-BB3C-A72F-9B4217DEFA6C}.Debug|Any CPU.Build.0 = Debug|Any CPU
		{53C59149-535D-BB3C-A72F-9B4217DEFA6C}.Release|Any CPU.ActiveCfg = Release|Any CPU
		{53C59149-535D-BB3C-A72F-9B4217DEFA6C}.Release|Any CPU.Build.0 = Release|Any CPU
		{593227BB-6FA9-366C-CC3D-632FD7A06306}.Debug|Any CPU.ActiveCfg = Debug|Any CPU
		{593227BB-6FA9-366C-CC3D-632FD7A06306}.Debug|Any CPU.Build.0 = Debug|Any CPU
		{593227BB-6FA9-366C-CC3D-632FD7A06306}.Release|Any CPU.ActiveCfg = Release|Any CPU
		{593227BB-6FA9-366C-CC3D-632FD7A06306}.Release|Any CPU.Build.0 = Release|Any CPU
		{82B66138-F08E-CAFE-A5AA-E584F851CF0B}.Debug|Any CPU.ActiveCfg = Debug|Any CPU
		{82B66138-F08E-CAFE-A5AA-E584F851CF0B}.Debug|Any CPU.Build.0 = Debug|Any CPU
		{82B66138-F08E-CAFE-A5AA-E584F851CF0B}.Release|Any CPU.ActiveCfg = Release|Any CPU
		{82B66138-F08E-CAFE-A5AA-E584F851CF0B}.Release|Any CPU.Build.0 = Release|Any CPU
		{579C9419-9108-1BEF-E282-EB2ED29A6471}.Debug|Any CPU.ActiveCfg = Debug|Any CPU
		{579C9419-9108-1BEF-E282-EB2ED29A6471}.Debug|Any CPU.Build.0 = Debug|Any CPU
		{579C9419-9108-1BEF-E282-EB2ED29A6471}.Release|Any CPU.ActiveCfg = Release|Any CPU
		{579C9419-9108-1BEF-E282-EB2ED29A6471}.Release|Any CPU.Build.0 = Release|Any CPU
		{6C16B834-CD5D-73DB-0D1A-523F7CCEC1F9}.Debug|Any CPU.ActiveCfg = Debug|Any CPU
		{6C16B834-CD5D-73DB-0D1A-523F7CCEC1F9}.Debug|Any CPU.Build.0 = Debug|Any CPU
		{6C16B834-CD5D-73DB-0D1A-523F7CCEC1F9}.Release|Any CPU.ActiveCfg = Release|Any CPU
		{6C16B834-CD5D-73DB-0D1A-523F7CCEC1F9}.Release|Any CPU.Build.0 = Release|Any CPU
		{CF690620-909D-C7F8-BC16-C9238A5D89D3}.Debug|Any CPU.ActiveCfg = Debug|Any CPU
		{CF690620-909D-C7F8-BC16-C9238A5D89D3}.Debug|Any CPU.Build.0 = Debug|Any CPU
		{CF690620-909D-C7F8-BC16-C9238A5D89D3}.Release|Any CPU.ActiveCfg = Release|Any CPU
		{CF690620-909D-C7F8-BC16-C9238A5D89D3}.Release|Any CPU.Build.0 = Release|Any CPU
		{46A11324-24BB-AA48-7882-0D0642875D46}.Debug|Any CPU.ActiveCfg = Debug|Any CPU
		{46A11324-24BB-AA48-7882-0D0642875D46}.Debug|Any CPU.Build.0 = Debug|Any CPU
		{46A11324-24BB-AA48-7882-0D0642875D46}.Release|Any CPU.ActiveCfg = Release|Any CPU
		{46A11324-24BB-AA48-7882-0D0642875D46}.Release|Any CPU.Build.0 = Release|Any CPU
		{B1D47A6A-B81A-E209-DEC1-C4BD7EF74500}.Debug|Any CPU.ActiveCfg = Debug|Any CPU
		{B1D47A6A-B81A-E209-DEC1-C4BD7EF74500}.Debug|Any CPU.Build.0 = Debug|Any CPU
		{B1D47A6A-B81A-E209-DEC1-C4BD7EF74500}.Release|Any CPU.ActiveCfg = Release|Any CPU
		{B1D47A6A-B81A-E209-DEC1-C4BD7EF74500}.Release|Any CPU.Build.0 = Release|Any CPU
		{0464D189-51CB-5F39-92D2-EEE819237225}.Debug|Any CPU.ActiveCfg = Debug|Any CPU
		{0464D189-51CB-5F39-92D2-EEE819237225}.Debug|Any CPU.Build.0 = Debug|Any CPU
		{0464D189-51CB-5F39-92D2-EEE819237225}.Release|Any CPU.ActiveCfg = Release|Any CPU
		{0464D189-51CB-5F39-92D2-EEE819237225}.Release|Any CPU.Build.0 = Release|Any CPU
		{F6AE8686-A58A-A318-F743-B4BDA6FD1A13}.Debug|Any CPU.ActiveCfg = Debug|Any CPU
		{F6AE8686-A58A-A318-F743-B4BDA6FD1A13}.Debug|Any CPU.Build.0 = Debug|Any CPU
		{F6AE8686-A58A-A318-F743-B4BDA6FD1A13}.Release|Any CPU.ActiveCfg = Release|Any CPU
		{F6AE8686-A58A-A318-F743-B4BDA6FD1A13}.Release|Any CPU.Build.0 = Release|Any CPU
		{CA068CBA-530B-9F61-8B78-FED955B449A3}.Debug|Any CPU.ActiveCfg = Debug|Any CPU
		{CA068CBA-530B-9F61-8B78-FED955B449A3}.Debug|Any CPU.Build.0 = Debug|Any CPU
		{CA068CBA-530B-9F61-8B78-FED955B449A3}.Release|Any CPU.ActiveCfg = Release|Any CPU
		{CA068CBA-530B-9F61-8B78-FED955B449A3}.Release|Any CPU.Build.0 = Release|Any CPU
		{3955B145-A68B-69B4-E025-B8BD9C49A8BD}.Debug|Any CPU.ActiveCfg = Debug|Any CPU
		{3955B145-A68B-69B4-E025-B8BD9C49A8BD}.Debug|Any CPU.Build.0 = Debug|Any CPU
		{3955B145-A68B-69B4-E025-B8BD9C49A8BD}.Release|Any CPU.ActiveCfg = Release|Any CPU
		{3955B145-A68B-69B4-E025-B8BD9C49A8BD}.Release|Any CPU.Build.0 = Release|Any CPU
		{4CE252A0-65DF-3EDA-4995-B7CCC66997CB}.Debug|Any CPU.ActiveCfg = Debug|Any CPU
		{4CE252A0-65DF-3EDA-4995-B7CCC66997CB}.Debug|Any CPU.Build.0 = Debug|Any CPU
		{4CE252A0-65DF-3EDA-4995-B7CCC66997CB}.Release|Any CPU.ActiveCfg = Release|Any CPU
		{4CE252A0-65DF-3EDA-4995-B7CCC66997CB}.Release|Any CPU.Build.0 = Release|Any CPU
		{0B738A34-909B-1D8B-3020-D4AFEA23CCA6}.Debug|Any CPU.ActiveCfg = Debug|Any CPU
		{0B738A34-909B-1D8B-3020-D4AFEA23CCA6}.Debug|Any CPU.Build.0 = Debug|Any CPU
		{0B738A34-909B-1D8B-3020-D4AFEA23CCA6}.Release|Any CPU.ActiveCfg = Release|Any CPU
		{0B738A34-909B-1D8B-3020-D4AFEA23CCA6}.Release|Any CPU.Build.0 = Release|Any CPU
		{E3C5AB3D-7F55-52C3-930D-A45EFBBD7F56}.Debug|Any CPU.ActiveCfg = Debug|Any CPU
		{E3C5AB3D-7F55-52C3-930D-A45EFBBD7F56}.Debug|Any CPU.Build.0 = Debug|Any CPU
		{E3C5AB3D-7F55-52C3-930D-A45EFBBD7F56}.Release|Any CPU.ActiveCfg = Release|Any CPU
		{E3C5AB3D-7F55-52C3-930D-A45EFBBD7F56}.Release|Any CPU.Build.0 = Release|Any CPU
		{303D1A30-B400-060F-3636-18D728BC5EC9}.Debug|Any CPU.ActiveCfg = Debug|Any CPU
		{303D1A30-B400-060F-3636-18D728BC5EC9}.Debug|Any CPU.Build.0 = Debug|Any CPU
		{303D1A30-B400-060F-3636-18D728BC5EC9}.Release|Any CPU.ActiveCfg = Release|Any CPU
		{303D1A30-B400-060F-3636-18D728BC5EC9}.Release|Any CPU.Build.0 = Release|Any CPU
		{25B3B1A6-8509-73E6-D6B2-123981B54B2A}.Debug|Any CPU.ActiveCfg = Debug|Any CPU
		{25B3B1A6-8509-73E6-D6B2-123981B54B2A}.Debug|Any CPU.Build.0 = Debug|Any CPU
		{25B3B1A6-8509-73E6-D6B2-123981B54B2A}.Release|Any CPU.ActiveCfg = Release|Any CPU
		{25B3B1A6-8509-73E6-D6B2-123981B54B2A}.Release|Any CPU.Build.0 = Release|Any CPU
		{24970B6C-656B-4545-6F1B-BA9D9F993EEB}.Debug|Any CPU.ActiveCfg = Debug|Any CPU
		{24970B6C-656B-4545-6F1B-BA9D9F993EEB}.Debug|Any CPU.Build.0 = Debug|Any CPU
		{24970B6C-656B-4545-6F1B-BA9D9F993EEB}.Release|Any CPU.ActiveCfg = Release|Any CPU
		{24970B6C-656B-4545-6F1B-BA9D9F993EEB}.Release|Any CPU.Build.0 = Release|Any CPU
		{05941DB8-F498-8B5A-FC67-F99343FE90AB}.Debug|Any CPU.ActiveCfg = Debug|Any CPU
		{05941DB8-F498-8B5A-FC67-F99343FE90AB}.Debug|Any CPU.Build.0 = Debug|Any CPU
		{05941DB8-F498-8B5A-FC67-F99343FE90AB}.Release|Any CPU.ActiveCfg = Release|Any CPU
		{05941DB8-F498-8B5A-FC67-F99343FE90AB}.Release|Any CPU.Build.0 = Release|Any CPU
		{143947C2-864F-7689-17F1-7D03D7FDB8D5}.Debug|Any CPU.ActiveCfg = Debug|Any CPU
		{143947C2-864F-7689-17F1-7D03D7FDB8D5}.Debug|Any CPU.Build.0 = Debug|Any CPU
		{143947C2-864F-7689-17F1-7D03D7FDB8D5}.Release|Any CPU.ActiveCfg = Release|Any CPU
		{143947C2-864F-7689-17F1-7D03D7FDB8D5}.Release|Any CPU.Build.0 = Release|Any CPU
		{D0F5BF3F-1588-C98B-6019-C1A6254DF7DF}.Debug|Any CPU.ActiveCfg = Debug|Any CPU
		{D0F5BF3F-1588-C98B-6019-C1A6254DF7DF}.Debug|Any CPU.Build.0 = Debug|Any CPU
		{D0F5BF3F-1588-C98B-6019-C1A6254DF7DF}.Release|Any CPU.ActiveCfg = Release|Any CPU
		{D0F5BF3F-1588-C98B-6019-C1A6254DF7DF}.Release|Any CPU.Build.0 = Release|Any CPU
		{841A3318-5541-69A0-2F37-CBD9214AEC6B}.Debug|Any CPU.ActiveCfg = Debug|Any CPU
		{841A3318-5541-69A0-2F37-CBD9214AEC6B}.Debug|Any CPU.Build.0 = Debug|Any CPU
		{841A3318-5541-69A0-2F37-CBD9214AEC6B}.Release|Any CPU.ActiveCfg = Release|Any CPU
		{841A3318-5541-69A0-2F37-CBD9214AEC6B}.Release|Any CPU.Build.0 = Release|Any CPU
		{F7E58F3A-55FD-38E5-954E-73A0FB08E462}.Debug|Any CPU.ActiveCfg = Debug|Any CPU
		{F7E58F3A-55FD-38E5-954E-73A0FB08E462}.Debug|Any CPU.Build.0 = Debug|Any CPU
		{F7E58F3A-55FD-38E5-954E-73A0FB08E462}.Release|Any CPU.ActiveCfg = Release|Any CPU
		{F7E58F3A-55FD-38E5-954E-73A0FB08E462}.Release|Any CPU.Build.0 = Release|Any CPU
		{751C19C8-B7FD-EE52-13FE-9E0C947B42EF}.Debug|Any CPU.ActiveCfg = Debug|Any CPU
		{751C19C8-B7FD-EE52-13FE-9E0C947B42EF}.Debug|Any CPU.Build.0 = Debug|Any CPU
		{751C19C8-B7FD-EE52-13FE-9E0C947B42EF}.Release|Any CPU.ActiveCfg = Release|Any CPU
		{751C19C8-B7FD-EE52-13FE-9E0C947B42EF}.Release|Any CPU.Build.0 = Release|Any CPU
		{ECD939B0-096B-0D9D-8F49-42FB5AE0E502}.Debug|Any CPU.ActiveCfg = Debug|Any CPU
		{ECD939B0-096B-0D9D-8F49-42FB5AE0E502}.Debug|Any CPU.Build.0 = Debug|Any CPU
		{ECD939B0-096B-0D9D-8F49-42FB5AE0E502}.Release|Any CPU.ActiveCfg = Release|Any CPU
		{ECD939B0-096B-0D9D-8F49-42FB5AE0E502}.Release|Any CPU.Build.0 = Release|Any CPU
		{5410CBA6-4BE5-DADC-6915-55D4E8EE6AC2}.Debug|Any CPU.ActiveCfg = Debug|Any CPU
		{5410CBA6-4BE5-DADC-6915-55D4E8EE6AC2}.Debug|Any CPU.Build.0 = Debug|Any CPU
		{5410CBA6-4BE5-DADC-6915-55D4E8EE6AC2}.Release|Any CPU.ActiveCfg = Release|Any CPU
		{5410CBA6-4BE5-DADC-6915-55D4E8EE6AC2}.Release|Any CPU.Build.0 = Release|Any CPU
		{5FC9B82C-7E4A-9908-664A-EEB519DC00C4}.Debug|Any CPU.ActiveCfg = Debug|Any CPU
		{5FC9B82C-7E4A-9908-664A-EEB519DC00C4}.Debug|Any CPU.Build.0 = Debug|Any CPU
		{5FC9B82C-7E4A-9908-664A-EEB519DC00C4}.Release|Any CPU.ActiveCfg = Release|Any CPU
		{5FC9B82C-7E4A-9908-664A-EEB519DC00C4}.Release|Any CPU.Build.0 = Release|Any CPU
		{2DF5A359-1E44-ED1C-3F22-6D237DF3D1BA}.Debug|Any CPU.ActiveCfg = Debug|Any CPU
		{2DF5A359-1E44-ED1C-3F22-6D237DF3D1BA}.Debug|Any CPU.Build.0 = Debug|Any CPU
		{2DF5A359-1E44-ED1C-3F22-6D237DF3D1BA}.Release|Any CPU.ActiveCfg = Release|Any CPU
		{2DF5A359-1E44-ED1C-3F22-6D237DF3D1BA}.Release|Any CPU.Build.0 = Release|Any CPU
		{4052FD22-05F5-BDAF-933F-3E96AC6E940A}.Debug|Any CPU.ActiveCfg = Debug|Any CPU
		{4052FD22-05F5-BDAF-933F-3E96AC6E940A}.Debug|Any CPU.Build.0 = Debug|Any CPU
		{4052FD22-05F5-BDAF-933F-3E96AC6E940A}.Release|Any CPU.ActiveCfg = Release|Any CPU
		{4052FD22-05F5-BDAF-933F-3E96AC6E940A}.Release|Any CPU.Build.0 = Release|Any CPU
		{735DC4E8-B1B5-BAE8-9F92-3BE2DA2F6521}.Debug|Any CPU.ActiveCfg = Debug|Any CPU
		{735DC4E8-B1B5-BAE8-9F92-3BE2DA2F6521}.Debug|Any CPU.Build.0 = Debug|Any CPU
		{735DC4E8-B1B5-BAE8-9F92-3BE2DA2F6521}.Release|Any CPU.ActiveCfg = Release|Any CPU
		{735DC4E8-B1B5-BAE8-9F92-3BE2DA2F6521}.Release|Any CPU.Build.0 = Release|Any CPU
		{A437BE92-4581-7BE6-D986-BEBDB5466C9B}.Debug|Any CPU.ActiveCfg = Debug|Any CPU
		{A437BE92-4581-7BE6-D986-BEBDB5466C9B}.Debug|Any CPU.Build.0 = Debug|Any CPU
		{A437BE92-4581-7BE6-D986-BEBDB5466C9B}.Release|Any CPU.ActiveCfg = Release|Any CPU
		{A437BE92-4581-7BE6-D986-BEBDB5466C9B}.Release|Any CPU.Build.0 = Release|Any CPU
		{EA007870-C478-7F1F-BD40-65CB4ED5FEE7}.Debug|Any CPU.ActiveCfg = Debug|Any CPU
		{EA007870-C478-7F1F-BD40-65CB4ED5FEE7}.Debug|Any CPU.Build.0 = Debug|Any CPU
		{EA007870-C478-7F1F-BD40-65CB4ED5FEE7}.Release|Any CPU.ActiveCfg = Release|Any CPU
		{EA007870-C478-7F1F-BD40-65CB4ED5FEE7}.Release|Any CPU.Build.0 = Release|Any CPU
		{0BE63E76-F736-BA0D-CEA5-D0E549DF7336}.Debug|Any CPU.ActiveCfg = Debug|Any CPU
		{0BE63E76-F736-BA0D-CEA5-D0E549DF7336}.Debug|Any CPU.Build.0 = Debug|Any CPU
		{0BE63E76-F736-BA0D-CEA5-D0E549DF7336}.Release|Any CPU.ActiveCfg = Release|Any CPU
		{0BE63E76-F736-BA0D-CEA5-D0E549DF7336}.Release|Any CPU.Build.0 = Release|Any CPU
		{51A15E40-D65C-8BEE-B6FA-FEB1A9097E7B}.Debug|Any CPU.ActiveCfg = Debug|Any CPU
		{51A15E40-D65C-8BEE-B6FA-FEB1A9097E7B}.Debug|Any CPU.Build.0 = Debug|Any CPU
		{51A15E40-D65C-8BEE-B6FA-FEB1A9097E7B}.Release|Any CPU.ActiveCfg = Release|Any CPU
		{51A15E40-D65C-8BEE-B6FA-FEB1A9097E7B}.Release|Any CPU.Build.0 = Release|Any CPU
		{192851BF-50C8-B160-ACDB-59CD35087661}.Debug|Any CPU.ActiveCfg = Debug|Any CPU
		{192851BF-50C8-B160-ACDB-59CD35087661}.Debug|Any CPU.Build.0 = Debug|Any CPU
		{192851BF-50C8-B160-ACDB-59CD35087661}.Release|Any CPU.ActiveCfg = Release|Any CPU
		{192851BF-50C8-B160-ACDB-59CD35087661}.Release|Any CPU.Build.0 = Release|Any CPU
		{64D5DEF0-0703-CADC-2879-B56764142B8B}.Debug|Any CPU.ActiveCfg = Debug|Any CPU
		{64D5DEF0-0703-CADC-2879-B56764142B8B}.Debug|Any CPU.Build.0 = Debug|Any CPU
		{64D5DEF0-0703-CADC-2879-B56764142B8B}.Release|Any CPU.ActiveCfg = Release|Any CPU
		{64D5DEF0-0703-CADC-2879-B56764142B8B}.Release|Any CPU.Build.0 = Release|Any CPU
		{1EA7850F-C02B-9919-F63F-643BE44AA508}.Debug|Any CPU.ActiveCfg = Debug|Any CPU
		{1EA7850F-C02B-9919-F63F-643BE44AA508}.Debug|Any CPU.Build.0 = Debug|Any CPU
		{1EA7850F-C02B-9919-F63F-643BE44AA508}.Release|Any CPU.ActiveCfg = Release|Any CPU
		{1EA7850F-C02B-9919-F63F-643BE44AA508}.Release|Any CPU.Build.0 = Release|Any CPU
		{4F3D3807-7070-71C3-5143-D50C9B02FBD0}.Debug|Any CPU.ActiveCfg = Debug|Any CPU
		{4F3D3807-7070-71C3-5143-D50C9B02FBD0}.Debug|Any CPU.Build.0 = Debug|Any CPU
		{4F3D3807-7070-71C3-5143-D50C9B02FBD0}.Release|Any CPU.ActiveCfg = Release|Any CPU
		{4F3D3807-7070-71C3-5143-D50C9B02FBD0}.Release|Any CPU.Build.0 = Release|Any CPU
		{15CF8365-74CB-F397-1EF0-9C23C6A8AC30}.Debug|Any CPU.ActiveCfg = Debug|Any CPU
		{15CF8365-74CB-F397-1EF0-9C23C6A8AC30}.Debug|Any CPU.Build.0 = Debug|Any CPU
		{15CF8365-74CB-F397-1EF0-9C23C6A8AC30}.Release|Any CPU.ActiveCfg = Release|Any CPU
		{15CF8365-74CB-F397-1EF0-9C23C6A8AC30}.Release|Any CPU.Build.0 = Release|Any CPU
		{35C639B7-A12A-1E7C-12B3-048CC76604ED}.Debug|Any CPU.ActiveCfg = Debug|Any CPU
		{35C639B7-A12A-1E7C-12B3-048CC76604ED}.Debug|Any CPU.Build.0 = Debug|Any CPU
		{35C639B7-A12A-1E7C-12B3-048CC76604ED}.Release|Any CPU.ActiveCfg = Release|Any CPU
		{35C639B7-A12A-1E7C-12B3-048CC76604ED}.Release|Any CPU.Build.0 = Release|Any CPU
		{A68A964C-9DA0-9A61-99A8-E3A5AE60C6D5}.Debug|Any CPU.ActiveCfg = Debug|Any CPU
		{A68A964C-9DA0-9A61-99A8-E3A5AE60C6D5}.Debug|Any CPU.Build.0 = Debug|Any CPU
		{A68A964C-9DA0-9A61-99A8-E3A5AE60C6D5}.Release|Any CPU.ActiveCfg = Release|Any CPU
		{A68A964C-9DA0-9A61-99A8-E3A5AE60C6D5}.Release|Any CPU.Build.0 = Release|Any CPU
	EndGlobalSection
	GlobalSection(SolutionProperties) = preSolution
		HideSolutionNode = FALSE
	EndGlobalSection
EndGlobal
