
Microsoft Visual Studio Solution File, Format Version 12.00
# Visual Studio 15
Project("{FAE04EC0-301F-11D3-BF4B-00C04F79EFBC}") = "UnityEngine.TestRunner", "UnityEngine.TestRunner.csproj", "{2DD29897-D252-30FA-9364-BD0C705B3B69}"
EndProject
Project("{FAE04EC0-301F-11D3-BF4B-00C04F79EFBC}") = "Unity.Mathematics", "Unity.Mathematics.csproj", "{64A67F28-9F73-3340-99D4-F2AA739A086C}"
EndProject
Project("{FAE04EC0-301F-11D3-BF4B-00C04F79EFBC}") = "Unity.2D.Animation.Triangle.Runtime", "Unity.2D.Animation.Triangle.Runtime.csproj", "{D37121DB-74B4-B5ED-AC1B-72E12E9A721D}"
EndProject
Project("{FAE04EC0-301F-11D3-BF4B-00C04F79EFBC}") = "Unity.Timeline", "Unity.Timeline.csproj", "{C550C35E-A931-D05E-4F28-8DB20DD7A424}"
EndProject
Project("{FAE04EC0-301F-11D3-BF4B-00C04F79EFBC}") = "UnityEngine.UI", "UnityEngine.UI.csproj", "{200290F7-6C44-A58D-45BA-FD2798F31496}"
EndProject
Project("{FAE04EC0-301F-11D3-BF4B-00C04F79EFBC}") = "Unity.TextMeshPro", "Unity.TextMeshPro.csproj", "{CC36F6D8-7504-8493-181F-3F2B2607F03F}"
EndProject
Project("{FAE04EC0-301F-11D3-BF4B-00C04F79EFBC}") = "Unity.2D.Animation.Runtime", "Unity.2D.Animation.Runtime.csproj", "{700C6072-402C-D311-FA9B-0DA8543ADBF3}"
EndProject
Project("{FAE04EC0-301F-11D3-BF4B-00C04F79EFBC}") = "Unity.2D.IK.Runtime", "Unity.2D.IK.Runtime.csproj", "{117EBACA-61AE-FE0C-A7E6-FFD4638116E1}"
EndProject
Project("{FAE04EC0-301F-11D3-BF4B-00C04F79EFBC}") = "Unity.2D.SpriteShape.Runtime", "Unity.2D.SpriteShape.Runtime.csproj", "{50088FAB-1977-E72E-0F84-87E5B67A7AAE}"
EndProject
Project("{FAE04EC0-301F-11D3-BF4B-00C04F79EFBC}") = "Unity.2D.PixelPerfect", "Unity.2D.PixelPerfect.csproj", "{58CC71D3-80EE-5E73-252D-BFF5D010EA6E}"
EndProject
Project("{FAE04EC0-301F-11D3-BF4B-00C04F79EFBC}") = "Assembly-CSharp", "Assembly-CSharp.csproj", "{4FFC3ACF-379B-A887-3FDF-CE64582F869A}"
EndProject
Project("{FAE04EC0-301F-11D3-BF4B-00C04F79EFBC}") = "Unity.2D.Common.Runtime", "Unity.2D.Common.Runtime.csproj", "{B3E95120-C926-0B63-65EC-CE3565D78603}"
EndProject
Project("{FAE04EC0-301F-11D3-BF4B-00C04F79EFBC}") = "Unity.InternalAPIEngineBridge.001", "Unity.InternalAPIEngineBridge.001.csproj", "{323EC81B-D095-4202-C7E2-16442FB06CEF}"
EndProject
Project("{FAE04EC0-301F-11D3-BF4B-00C04F79EFBC}") = "UnityEditor.TestRunner", "UnityEditor.TestRunner.csproj", "{A170B606-7955-3F02-174C-42C9F0DC04E3}"
EndProject
Project("{FAE04EC0-301F-11D3-BF4B-00C04F79EFBC}") = "Unity.PlasticSCM.Editor", "Unity.PlasticSCM.Editor.csproj", "{55CD3F7A-5D55-ABC4-3ADB-2D0491866372}"
EndProject
Project("{FAE04EC0-301F-11D3-BF4B-00C04F79EFBC}") = "UnityEditor.UI", "UnityEditor.UI.csproj", "{72FECBFE-6EC4-E735-EDC6-CC81F23D7EEE}"
EndProject
Project("{FAE04EC0-301F-11D3-BF4B-00C04F79EFBC}") = "Unity.Services.Core.Editor", "Unity.Services.Core.Editor.csproj", "{CC7631FE-EAED-B051-C044-FB01659474E1}"
EndProject
Project("{FAE04EC0-301F-11D3-BF4B-00C04F79EFBC}") = "Unity.Timeline.Editor", "Unity.Timeline.Editor.csproj", "{81B4158B-9014-F410-B0FA-93AC6D6F75D5}"
EndProject
Project("{FAE04EC0-301F-11D3-BF4B-00C04F79EFBC}") = "Unity.VisualStudio.Editor", "Unity.VisualStudio.Editor.csproj", "{BF8257D4-176B-D70B-E7F9-C17912BEC12D}"
EndProject
Project("{FAE04EC0-301F-11D3-BF4B-00C04F79EFBC}") = "Unity.2D.Psdimporter.Editor", "Unity.2D.Psdimporter.Editor.csproj", "{951C1863-07F0-F549-BFF7-C4A543830ACA}"
EndProject
Project("{FAE04EC0-301F-11D3-BF4B-00C04F79EFBC}") = "Unity.2D.Animation.Editor", "Unity.2D.Animation.Editor.csproj", "{E16244AC-9277-485E-4321-3A17CD966DFE}"
EndProject
Project("{FAE04EC0-301F-11D3-BF4B-00C04F79EFBC}") = "Unity.TextMeshPro.Editor", "Unity.TextMeshPro.Editor.csproj", "{48B78489-15AD-E8BD-C685-35DD79380313}"
EndProject
Project("{FAE04EC0-301F-11D3-BF4B-00C04F79EFBC}") = "Unity.2D.SpriteShape.Editor", "Unity.2D.SpriteShape.Editor.csproj", "{68AD7388-A3DF-ED8F-2B6F-E91F327CCD58}"
EndProject
Project("{FAE04EC0-301F-11D3-BF4B-00C04F79EFBC}") = "Unity.CollabProxy.Editor", "Unity.CollabProxy.Editor.csproj", "{200FCF80-E902-66D3-A27C-00F556FB897F}"
EndProject
Project("{FAE04EC0-301F-11D3-BF4B-00C04F79EFBC}") = "PsdPlugin", "PsdPlugin.csproj", "{B2DC00C3-46FC-8125-4BA3-66AD5EB4A801}"
EndProject
Project("{FAE04EC0-301F-11D3-BF4B-00C04F79EFBC}") = "Unity.2D.Path.Editor", "Unity.2D.Path.Editor.csproj", "{FCB71FC5-86E1-965C-ED02-D584D0FF0645}"
EndProject
Project("{FAE04EC0-301F-11D3-BF4B-00C04F79EFBC}") = "Unity.Rider.Editor", "Unity.Rider.Editor.csproj", "{74754363-9EC5-C65F-CC50-69176F2332AA}"
EndProject
Project("{FAE04EC0-301F-11D3-BF4B-00C04F79EFBC}") = "Unity.2D.IK.Editor", "Unity.2D.IK.Editor.csproj", "{6E30AA6E-8B4E-01E8-32EB-CB54FFCF8DE5}"
EndProject
Project("{FAE04EC0-301F-11D3-BF4B-00C04F79EFBC}") = "Unity.2D.Sprite.Editor", "Unity.2D.Sprite.Editor.csproj", "{98F4B4E9-08EA-79DC-43ED-BEE6E3464FDA}"
EndProject
Project("{FAE04EC0-301F-11D3-BF4B-00C04F79EFBC}") = "Unity.2D.Tilemap.Editor", "Unity.2D.Tilemap.Editor.csproj", "{013F7A09-230F-278A-8978-DB8299C86413}"
EndProject
Project("{FAE04EC0-301F-11D3-BF4B-00C04F79EFBC}") = "Unity.2D.PixelPerfect.Editor", "Unity.2D.PixelPerfect.Editor.csproj", "{1DA1279C-8790-86A1-C3AC-F018D31522FF}"
EndProject
Project("{FAE04EC0-301F-11D3-BF4B-00C04F79EFBC}") = "Unity.VSCode.Editor", "Unity.VSCode.Editor.csproj", "{BDBAEAB3-0B3D-C26C-7513-F061C26A0A8D}"
EndProject
Project("{FAE04EC0-301F-11D3-BF4B-00C04F79EFBC}") = "Unity.2D.Common.Editor", "Unity.2D.Common.Editor.csproj", "{0D4437C8-522F-E6E8-B633-67EEB3323E16}"
EndProject
Project("{FAE04EC0-301F-11D3-BF4B-00C04F79EFBC}") = "Unity.Mathematics.Editor", "Unity.Mathematics.Editor.csproj", "{3F0CBB1F-C3C7-842D-0A41-F4E6EB375AE7}"
EndProject
Project("{FAE04EC0-301F-11D3-BF4B-00C04F79EFBC}") = "Unity.InternalAPIEditorBridge.001", "Unity.InternalAPIEditorBridge.001.csproj", "{D4CAD730-2A3C-7114-F434-A2C9087B0AA8}"
EndProject
Project("{FAE04EC0-301F-11D3-BF4B-00C04F79EFBC}") = "UnityEngine.TestRunner", "UnityEngine.TestRunner.Player.csproj", "{1C602A8F-C23F-114D-5599-DFF1028E73AD}"
EndProject
Project("{FAE04EC0-301F-11D3-BF4B-00C04F79EFBC}") = "Unity.Mathematics", "Unity.Mathematics.Player.csproj", "{4310D404-2713-54FC-C2A9-87E6B3B70EF8}"
EndProject
Project("{FAE04EC0-301F-11D3-BF4B-00C04F79EFBC}") = "Unity.2D.Animation.Triangle.Runtime", "Unity.2D.Animation.Triangle.Runtime.Player.csproj", "{0A7798C1-899E-8978-C4E9-65D785B26065}"
EndProject
Project("{FAE04EC0-301F-11D3-BF4B-00C04F79EFBC}") = "Unity.Timeline", "Unity.Timeline.Player.csproj", "{7E6DE41B-63AC-7AEC-0AB9-7F0A56C3BD67}"
EndProject
Project("{FAE04EC0-301F-11D3-BF4B-00C04F79EFBC}") = "UnityEngine.UI", "UnityEngine.UI.Player.csproj", "{06876C2B-5039-1BD7-A415-CCCE5FC46C8E}"
EndProject
Project("{FAE04EC0-301F-11D3-BF4B-00C04F79EFBC}") = "Unity.TextMeshPro", "Unity.TextMeshPro.Player.csproj", "{CDDA7806-D821-AE27-0EB1-BD3DA7922434}"
EndProject
Project("{FAE04EC0-301F-11D3-BF4B-00C04F79EFBC}") = "Unity.2D.Animation.Runtime", "Unity.2D.Animation.Runtime.Player.csproj", "{18D72FF4-D069-6192-922B-C3353509F717}"
EndProject
Project("{FAE04EC0-301F-11D3-BF4B-00C04F79EFBC}") = "Unity.2D.IK.Runtime", "Unity.2D.IK.Runtime.Player.csproj", "{B836B5A9-BA09-D120-13E8-492B6C7D27C7}"
EndProject
Project("{FAE04EC0-301F-11D3-BF4B-00C04F79EFBC}") = "Unity.2D.SpriteShape.Runtime", "Unity.2D.SpriteShape.Runtime.Player.csproj", "{E289A9F0-164E-18DD-B4BD-FBDAED8F1F00}"
EndProject
Project("{FAE04EC0-301F-11D3-BF4B-00C04F79EFBC}") = "Unity.2D.PixelPerfect", "Unity.2D.PixelPerfect.Player.csproj", "{6882ED22-A372-7FFD-DF06-BEF17845068E}"
EndProject
Project("{FAE04EC0-301F-11D3-BF4B-00C04F79EFBC}") = "Assembly-CSharp", "Assembly-CSharp.Player.csproj", "{40A75E59-DE62-DB18-75E0-9CA2EDA2BE5A}"
EndProject
Project("{FAE04EC0-301F-11D3-BF4B-00C04F79EFBC}") = "Unity.2D.Common.Runtime", "Unity.2D.Common.Runtime.Player.csproj", "{12AEF0F1-78B4-AC1A-487B-2C36592FA6FF}"
EndProject
Project("{FAE04EC0-301F-11D3-BF4B-00C04F79EFBC}") = "Unity.InternalAPIEngineBridge.001", "Unity.InternalAPIEngineBridge.001.Player.csproj", "{F504DEBF-F827-4434-C51C-7F8D6FADA64B}"
EndProject
Global
	GlobalSection(SolutionConfigurationPlatforms) = preSolution
		Debug|Any CPU = Debug|Any CPU
		Release|Any CPU = Release|Any CPU
	EndGlobalSection
	GlobalSection(ProjectConfigurationPlatforms) = postSolution
		{2DD29897-D252-30FA-9364-BD0C705B3B69}.Debug|Any CPU.ActiveCfg = Debug|Any CPU
		{2DD29897-D252-30FA-9364-BD0C705B3B69}.Debug|Any CPU.Build.0 = Debug|Any CPU
		{2DD29897-D252-30FA-9364-BD0C705B3B69}.Release|Any CPU.ActiveCfg = Release|Any CPU
		{2DD29897-D252-30FA-9364-BD0C705B3B69}.Release|Any CPU.Build.0 = Release|Any CPU
		{64A67F28-9F73-3340-99D4-F2AA739A086C}.Debug|Any CPU.ActiveCfg = Debug|Any CPU
		{64A67F28-9F73-3340-99D4-F2AA739A086C}.Debug|Any CPU.Build.0 = Debug|Any CPU
		{64A67F28-9F73-3340-99D4-F2AA739A086C}.Release|Any CPU.ActiveCfg = Release|Any CPU
		{64A67F28-9F73-3340-99D4-F2AA739A086C}.Release|Any CPU.Build.0 = Release|Any CPU
		{D37121DB-74B4-B5ED-AC1B-72E12E9A721D}.Debug|Any CPU.ActiveCfg = Debug|Any CPU
		{D37121DB-74B4-B5ED-AC1B-72E12E9A721D}.Debug|Any CPU.Build.0 = Debug|Any CPU
		{D37121DB-74B4-B5ED-AC1B-72E12E9A721D}.Release|Any CPU.ActiveCfg = Release|Any CPU
		{D37121DB-74B4-B5ED-AC1B-72E12E9A721D}.Release|Any CPU.Build.0 = Release|Any CPU
		{C550C35E-A931-D05E-4F28-8DB20DD7A424}.Debug|Any CPU.ActiveCfg = Debug|Any CPU
		{C550C35E-A931-D05E-4F28-8DB20DD7A424}.Debug|Any CPU.Build.0 = Debug|Any CPU
		{C550C35E-A931-D05E-4F28-8DB20DD7A424}.Release|Any CPU.ActiveCfg = Release|Any CPU
		{C550C35E-A931-D05E-4F28-8DB20DD7A424}.Release|Any CPU.Build.0 = Release|Any CPU
		{200290F7-6C44-A58D-45BA-FD2798F31496}.Debug|Any CPU.ActiveCfg = Debug|Any CPU
		{200290F7-6C44-A58D-45BA-FD2798F31496}.Debug|Any CPU.Build.0 = Debug|Any CPU
		{200290F7-6C44-A58D-45BA-FD2798F31496}.Release|Any CPU.ActiveCfg = Release|Any CPU
		{200290F7-6C44-A58D-45BA-FD2798F31496}.Release|Any CPU.Build.0 = Release|Any CPU
		{CC36F6D8-7504-8493-181F-3F2B2607F03F}.Debug|Any CPU.ActiveCfg = Debug|Any CPU
		{CC36F6D8-7504-8493-181F-3F2B2607F03F}.Debug|Any CPU.Build.0 = Debug|Any CPU
		{CC36F6D8-7504-8493-181F-3F2B2607F03F}.Release|Any CPU.ActiveCfg = Release|Any CPU
		{CC36F6D8-7504-8493-181F-3F2B2607F03F}.Release|Any CPU.Build.0 = Release|Any CPU
		{700C6072-402C-D311-FA9B-0DA8543ADBF3}.Debug|Any CPU.ActiveCfg = Debug|Any CPU
		{700C6072-402C-D311-FA9B-0DA8543ADBF3}.Debug|Any CPU.Build.0 = Debug|Any CPU
		{700C6072-402C-D311-FA9B-0DA8543ADBF3}.Release|Any CPU.ActiveCfg = Release|Any CPU
		{700C6072-402C-D311-FA9B-0DA8543ADBF3}.Release|Any CPU.Build.0 = Release|Any CPU
		{117EBACA-61AE-FE0C-A7E6-FFD4638116E1}.Debug|Any CPU.ActiveCfg = Debug|Any CPU
		{117EBACA-61AE-FE0C-A7E6-FFD4638116E1}.Debug|Any CPU.Build.0 = Debug|Any CPU
		{117EBACA-61AE-FE0C-A7E6-FFD4638116E1}.Release|Any CPU.ActiveCfg = Release|Any CPU
		{117EBACA-61AE-FE0C-A7E6-FFD4638116E1}.Release|Any CPU.Build.0 = Release|Any CPU
		{50088FAB-1977-E72E-0F84-87E5B67A7AAE}.Debug|Any CPU.ActiveCfg = Debug|Any CPU
		{50088FAB-1977-E72E-0F84-87E5B67A7AAE}.Debug|Any CPU.Build.0 = Debug|Any CPU
		{50088FAB-1977-E72E-0F84-87E5B67A7AAE}.Release|Any CPU.ActiveCfg = Release|Any CPU
		{50088FAB-1977-E72E-0F84-87E5B67A7AAE}.Release|Any CPU.Build.0 = Release|Any CPU
		{58CC71D3-80EE-5E73-252D-BFF5D010EA6E}.Debug|Any CPU.ActiveCfg = Debug|Any CPU
		{58CC71D3-80EE-5E73-252D-BFF5D010EA6E}.Debug|Any CPU.Build.0 = Debug|Any CPU
		{58CC71D3-80EE-5E73-252D-BFF5D010EA6E}.Release|Any CPU.ActiveCfg = Release|Any CPU
		{58CC71D3-80EE-5E73-252D-BFF5D010EA6E}.Release|Any CPU.Build.0 = Release|Any CPU
		{4FFC3ACF-379B-A887-3FDF-CE64582F869A}.Debug|Any CPU.ActiveCfg = Debug|Any CPU
		{4FFC3ACF-379B-A887-3FDF-CE64582F869A}.Debug|Any CPU.Build.0 = Debug|Any CPU
		{4FFC3ACF-379B-A887-3FDF-CE64582F869A}.Release|Any CPU.ActiveCfg = Release|Any CPU
		{4FFC3ACF-379B-A887-3FDF-CE64582F869A}.Release|Any CPU.Build.0 = Release|Any CPU
		{B3E95120-C926-0B63-65EC-CE3565D78603}.Debug|Any CPU.ActiveCfg = Debug|Any CPU
		{B3E95120-C926-0B63-65EC-CE3565D78603}.Debug|Any CPU.Build.0 = Debug|Any CPU
		{B3E95120-C926-0B63-65EC-CE3565D78603}.Release|Any CPU.ActiveCfg = Release|Any CPU
		{B3E95120-C926-0B63-65EC-CE3565D78603}.Release|Any CPU.Build.0 = Release|Any CPU
		{323EC81B-D095-4202-C7E2-16442FB06CEF}.Debug|Any CPU.ActiveCfg = Debug|Any CPU
		{323EC81B-D095-4202-C7E2-16442FB06CEF}.Debug|Any CPU.Build.0 = Debug|Any CPU
		{323EC81B-D095-4202-C7E2-16442FB06CEF}.Release|Any CPU.ActiveCfg = Release|Any CPU
		{323EC81B-D095-4202-C7E2-16442FB06CEF}.Release|Any CPU.Build.0 = Release|Any CPU
		{A170B606-7955-3F02-174C-42C9F0DC04E3}.Debug|Any CPU.ActiveCfg = Debug|Any CPU
		{A170B606-7955-3F02-174C-42C9F0DC04E3}.Debug|Any CPU.Build.0 = Debug|Any CPU
		{A170B606-7955-3F02-174C-42C9F0DC04E3}.Release|Any CPU.ActiveCfg = Release|Any CPU
		{A170B606-7955-3F02-174C-42C9F0DC04E3}.Release|Any CPU.Build.0 = Release|Any CPU
		{55CD3F7A-5D55-ABC4-3ADB-2D0491866372}.Debug|Any CPU.ActiveCfg = Debug|Any CPU
		{55CD3F7A-5D55-ABC4-3ADB-2D0491866372}.Debug|Any CPU.Build.0 = Debug|Any CPU
		{55CD3F7A-5D55-ABC4-3ADB-2D0491866372}.Release|Any CPU.ActiveCfg = Release|Any CPU
		{55CD3F7A-5D55-ABC4-3ADB-2D0491866372}.Release|Any CPU.Build.0 = Release|Any CPU
		{72FECBFE-6EC4-E735-EDC6-CC81F23D7EEE}.Debug|Any CPU.ActiveCfg = Debug|Any CPU
		{72FECBFE-6EC4-E735-EDC6-CC81F23D7EEE}.Debug|Any CPU.Build.0 = Debug|Any CPU
		{72FECBFE-6EC4-E735-EDC6-CC81F23D7EEE}.Release|Any CPU.ActiveCfg = Release|Any CPU
		{72FECBFE-6EC4-E735-EDC6-CC81F23D7EEE}.Release|Any CPU.Build.0 = Release|Any CPU
		{CC7631FE-EAED-B051-C044-FB01659474E1}.Debug|Any CPU.ActiveCfg = Debug|Any CPU
		{CC7631FE-EAED-B051-C044-FB01659474E1}.Debug|Any CPU.Build.0 = Debug|Any CPU
		{CC7631FE-EAED-B051-C044-FB01659474E1}.Release|Any CPU.ActiveCfg = Release|Any CPU
		{CC7631FE-EAED-B051-C044-FB01659474E1}.Release|Any CPU.Build.0 = Release|Any CPU
		{81B4158B-9014-F410-B0FA-93AC6D6F75D5}.Debug|Any CPU.ActiveCfg = Debug|Any CPU
		{81B4158B-9014-F410-B0FA-93AC6D6F75D5}.Debug|Any CPU.Build.0 = Debug|Any CPU
		{81B4158B-9014-F410-B0FA-93AC6D6F75D5}.Release|Any CPU.ActiveCfg = Release|Any CPU
		{81B4158B-9014-F410-B0FA-93AC6D6F75D5}.Release|Any CPU.Build.0 = Release|Any CPU
		{BF8257D4-176B-D70B-E7F9-C17912BEC12D}.Debug|Any CPU.ActiveCfg = Debug|Any CPU
		{BF8257D4-176B-D70B-E7F9-C17912BEC12D}.Debug|Any CPU.Build.0 = Debug|Any CPU
		{BF8257D4-176B-D70B-E7F9-C17912BEC12D}.Release|Any CPU.ActiveCfg = Release|Any CPU
		{BF8257D4-176B-D70B-E7F9-C17912BEC12D}.Release|Any CPU.Build.0 = Release|Any CPU
		{951C1863-07F0-F549-BFF7-C4A543830ACA}.Debug|Any CPU.ActiveCfg = Debug|Any CPU
		{951C1863-07F0-F549-BFF7-C4A543830ACA}.Debug|Any CPU.Build.0 = Debug|Any CPU
		{951C1863-07F0-F549-BFF7-C4A543830ACA}.Release|Any CPU.ActiveCfg = Release|Any CPU
		{951C1863-07F0-F549-BFF7-C4A543830ACA}.Release|Any CPU.Build.0 = Release|Any CPU
		{E16244AC-9277-485E-4321-3A17CD966DFE}.Debug|Any CPU.ActiveCfg = Debug|Any CPU
		{E16244AC-9277-485E-4321-3A17CD966DFE}.Debug|Any CPU.Build.0 = Debug|Any CPU
		{E16244AC-9277-485E-4321-3A17CD966DFE}.Release|Any CPU.ActiveCfg = Release|Any CPU
		{E16244AC-9277-485E-4321-3A17CD966DFE}.Release|Any CPU.Build.0 = Release|Any CPU
		{48B78489-15AD-E8BD-C685-35DD79380313}.Debug|Any CPU.ActiveCfg = Debug|Any CPU
		{48B78489-15AD-E8BD-C685-35DD79380313}.Debug|Any CPU.Build.0 = Debug|Any CPU
		{48B78489-15AD-E8BD-C685-35DD79380313}.Release|Any CPU.ActiveCfg = Release|Any CPU
		{48B78489-15AD-E8BD-C685-35DD79380313}.Release|Any CPU.Build.0 = Release|Any CPU
		{68AD7388-A3DF-ED8F-2B6F-E91F327CCD58}.Debug|Any CPU.ActiveCfg = Debug|Any CPU
		{68AD7388-A3DF-ED8F-2B6F-E91F327CCD58}.Debug|Any CPU.Build.0 = Debug|Any CPU
		{68AD7388-A3DF-ED8F-2B6F-E91F327CCD58}.Release|Any CPU.ActiveCfg = Release|Any CPU
		{68AD7388-A3DF-ED8F-2B6F-E91F327CCD58}.Release|Any CPU.Build.0 = Release|Any CPU
		{200FCF80-E902-66D3-A27C-00F556FB897F}.Debug|Any CPU.ActiveCfg = Debug|Any CPU
		{200FCF80-E902-66D3-A27C-00F556FB897F}.Debug|Any CPU.Build.0 = Debug|Any CPU
		{200FCF80-E902-66D3-A27C-00F556FB897F}.Release|Any CPU.ActiveCfg = Release|Any CPU
		{200FCF80-E902-66D3-A27C-00F556FB897F}.Release|Any CPU.Build.0 = Release|Any CPU
		{B2DC00C3-46FC-8125-4BA3-66AD5EB4A801}.Debug|Any CPU.ActiveCfg = Debug|Any CPU
		{B2DC00C3-46FC-8125-4BA3-66AD5EB4A801}.Debug|Any CPU.Build.0 = Debug|Any CPU
		{B2DC00C3-46FC-8125-4BA3-66AD5EB4A801}.Release|Any CPU.ActiveCfg = Release|Any CPU
		{B2DC00C3-46FC-8125-4BA3-66AD5EB4A801}.Release|Any CPU.Build.0 = Release|Any CPU
		{FCB71FC5-86E1-965C-ED02-D584D0FF0645}.Debug|Any CPU.ActiveCfg = Debug|Any CPU
		{FCB71FC5-86E1-965C-ED02-D584D0FF0645}.Debug|Any CPU.Build.0 = Debug|Any CPU
		{FCB71FC5-86E1-965C-ED02-D584D0FF0645}.Release|Any CPU.ActiveCfg = Release|Any CPU
		{FCB71FC5-86E1-965C-ED02-D584D0FF0645}.Release|Any CPU.Build.0 = Release|Any CPU
		{74754363-9EC5-C65F-CC50-69176F2332AA}.Debug|Any CPU.ActiveCfg = Debug|Any CPU
		{74754363-9EC5-C65F-CC50-69176F2332AA}.Debug|Any CPU.Build.0 = Debug|Any CPU
		{74754363-9EC5-C65F-CC50-69176F2332AA}.Release|Any CPU.ActiveCfg = Release|Any CPU
		{74754363-9EC5-C65F-CC50-69176F2332AA}.Release|Any CPU.Build.0 = Release|Any CPU
		{6E30AA6E-8B4E-01E8-32EB-CB54FFCF8DE5}.Debug|Any CPU.ActiveCfg = Debug|Any CPU
		{6E30AA6E-8B4E-01E8-32EB-CB54FFCF8DE5}.Debug|Any CPU.Build.0 = Debug|Any CPU
		{6E30AA6E-8B4E-01E8-32EB-CB54FFCF8DE5}.Release|Any CPU.ActiveCfg = Release|Any CPU
		{6E30AA6E-8B4E-01E8-32EB-CB54FFCF8DE5}.Release|Any CPU.Build.0 = Release|Any CPU
		{98F4B4E9-08EA-79DC-43ED-BEE6E3464FDA}.Debug|Any CPU.ActiveCfg = Debug|Any CPU
		{98F4B4E9-08EA-79DC-43ED-BEE6E3464FDA}.Debug|Any CPU.Build.0 = Debug|Any CPU
		{98F4B4E9-08EA-79DC-43ED-BEE6E3464FDA}.Release|Any CPU.ActiveCfg = Release|Any CPU
		{98F4B4E9-08EA-79DC-43ED-BEE6E3464FDA}.Release|Any CPU.Build.0 = Release|Any CPU
		{013F7A09-230F-278A-8978-DB8299C86413}.Debug|Any CPU.ActiveCfg = Debug|Any CPU
		{013F7A09-230F-278A-8978-DB8299C86413}.Debug|Any CPU.Build.0 = Debug|Any CPU
		{013F7A09-230F-278A-8978-DB8299C86413}.Release|Any CPU.ActiveCfg = Release|Any CPU
		{013F7A09-230F-278A-8978-DB8299C86413}.Release|Any CPU.Build.0 = Release|Any CPU
		{1DA1279C-8790-86A1-C3AC-F018D31522FF}.Debug|Any CPU.ActiveCfg = Debug|Any CPU
		{1DA1279C-8790-86A1-C3AC-F018D31522FF}.Debug|Any CPU.Build.0 = Debug|Any CPU
		{1DA1279C-8790-86A1-C3AC-F018D31522FF}.Release|Any CPU.ActiveCfg = Release|Any CPU
		{1DA1279C-8790-86A1-C3AC-F018D31522FF}.Release|Any CPU.Build.0 = Release|Any CPU
		{BDBAEAB3-0B3D-C26C-7513-F061C26A0A8D}.Debug|Any CPU.ActiveCfg = Debug|Any CPU
		{BDBAEAB3-0B3D-C26C-7513-F061C26A0A8D}.Debug|Any CPU.Build.0 = Debug|Any CPU
		{BDBAEAB3-0B3D-C26C-7513-F061C26A0A8D}.Release|Any CPU.ActiveCfg = Release|Any CPU
		{BDBAEAB3-0B3D-C26C-7513-F061C26A0A8D}.Release|Any CPU.Build.0 = Release|Any CPU
		{0D4437C8-522F-E6E8-B633-67EEB3323E16}.Debug|Any CPU.ActiveCfg = Debug|Any CPU
		{0D4437C8-522F-E6E8-B633-67EEB3323E16}.Debug|Any CPU.Build.0 = Debug|Any CPU
		{0D4437C8-522F-E6E8-B633-67EEB3323E16}.Release|Any CPU.ActiveCfg = Release|Any CPU
		{0D4437C8-522F-E6E8-B633-67EEB3323E16}.Release|Any CPU.Build.0 = Release|Any CPU
		{3F0CBB1F-C3C7-842D-0A41-F4E6EB375AE7}.Debug|Any CPU.ActiveCfg = Debug|Any CPU
		{3F0CBB1F-C3C7-842D-0A41-F4E6EB375AE7}.Debug|Any CPU.Build.0 = Debug|Any CPU
		{3F0CBB1F-C3C7-842D-0A41-F4E6EB375AE7}.Release|Any CPU.ActiveCfg = Release|Any CPU
		{3F0CBB1F-C3C7-842D-0A41-F4E6EB375AE7}.Release|Any CPU.Build.0 = Release|Any CPU
		{D4CAD730-2A3C-7114-F434-A2C9087B0AA8}.Debug|Any CPU.ActiveCfg = Debug|Any CPU
		{D4CAD730-2A3C-7114-F434-A2C9087B0AA8}.Debug|Any CPU.Build.0 = Debug|Any CPU
		{D4CAD730-2A3C-7114-F434-A2C9087B0AA8}.Release|Any CPU.ActiveCfg = Release|Any CPU
		{D4CAD730-2A3C-7114-F434-A2C9087B0AA8}.Release|Any CPU.Build.0 = Release|Any CPU
		{1C602A8F-C23F-114D-5599-DFF1028E73AD}.Debug|Any CPU.ActiveCfg = Debug|Any CPU
		{1C602A8F-C23F-114D-5599-DFF1028E73AD}.Debug|Any CPU.Build.0 = Debug|Any CPU
		{1C602A8F-C23F-114D-5599-DFF1028E73AD}.Release|Any CPU.ActiveCfg = Release|Any CPU
		{1C602A8F-C23F-114D-5599-DFF1028E73AD}.Release|Any CPU.Build.0 = Release|Any CPU
		{4310D404-2713-54FC-C2A9-87E6B3B70EF8}.Debug|Any CPU.ActiveCfg = Debug|Any CPU
		{4310D404-2713-54FC-C2A9-87E6B3B70EF8}.Debug|Any CPU.Build.0 = Debug|Any CPU
		{4310D404-2713-54FC-C2A9-87E6B3B70EF8}.Release|Any CPU.ActiveCfg = Release|Any CPU
		{4310D404-2713-54FC-C2A9-87E6B3B70EF8}.Release|Any CPU.Build.0 = Release|Any CPU
		{0A7798C1-899E-8978-C4E9-65D785B26065}.Debug|Any CPU.ActiveCfg = Debug|Any CPU
		{0A7798C1-899E-8978-C4E9-65D785B26065}.Debug|Any CPU.Build.0 = Debug|Any CPU
		{0A7798C1-899E-8978-C4E9-65D785B26065}.Release|Any CPU.ActiveCfg = Release|Any CPU
		{0A7798C1-899E-8978-C4E9-65D785B26065}.Release|Any CPU.Build.0 = Release|Any CPU
		{7E6DE41B-63AC-7AEC-0AB9-7F0A56C3BD67}.Debug|Any CPU.ActiveCfg = Debug|Any CPU
		{7E6DE41B-63AC-7AEC-0AB9-7F0A56C3BD67}.Debug|Any CPU.Build.0 = Debug|Any CPU
		{7E6DE41B-63AC-7AEC-0AB9-7F0A56C3BD67}.Release|Any CPU.ActiveCfg = Release|Any CPU
		{7E6DE41B-63AC-7AEC-0AB9-7F0A56C3BD67}.Release|Any CPU.Build.0 = Release|Any CPU
		{06876C2B-5039-1BD7-A415-CCCE5FC46C8E}.Debug|Any CPU.ActiveCfg = Debug|Any CPU
		{06876C2B-5039-1BD7-A415-CCCE5FC46C8E}.Debug|Any CPU.Build.0 = Debug|Any CPU
		{06876C2B-5039-1BD7-A415-CCCE5FC46C8E}.Release|Any CPU.ActiveCfg = Release|Any CPU
		{06876C2B-5039-1BD7-A415-CCCE5FC46C8E}.Release|Any CPU.Build.0 = Release|Any CPU
		{CDDA7806-D821-AE27-0EB1-BD3DA7922434}.Debug|Any CPU.ActiveCfg = Debug|Any CPU
		{CDDA7806-D821-AE27-0EB1-BD3DA7922434}.Debug|Any CPU.Build.0 = Debug|Any CPU
		{CDDA7806-D821-AE27-0EB1-BD3DA7922434}.Release|Any CPU.ActiveCfg = Release|Any CPU
		{CDDA7806-D821-AE27-0EB1-BD3DA7922434}.Release|Any CPU.Build.0 = Release|Any CPU
		{18D72FF4-D069-6192-922B-C3353509F717}.Debug|Any CPU.ActiveCfg = Debug|Any CPU
		{18D72FF4-D069-6192-922B-C3353509F717}.Debug|Any CPU.Build.0 = Debug|Any CPU
		{18D72FF4-D069-6192-922B-C3353509F717}.Release|Any CPU.ActiveCfg = Release|Any CPU
		{18D72FF4-D069-6192-922B-C3353509F717}.Release|Any CPU.Build.0 = Release|Any CPU
		{B836B5A9-BA09-D120-13E8-492B6C7D27C7}.Debug|Any CPU.ActiveCfg = Debug|Any CPU
		{B836B5A9-BA09-D120-13E8-492B6C7D27C7}.Debug|Any CPU.Build.0 = Debug|Any CPU
		{B836B5A9-BA09-D120-13E8-492B6C7D27C7}.Release|Any CPU.ActiveCfg = Release|Any CPU
		{B836B5A9-BA09-D120-13E8-492B6C7D27C7}.Release|Any CPU.Build.0 = Release|Any CPU
		{E289A9F0-164E-18DD-B4BD-FBDAED8F1F00}.Debug|Any CPU.ActiveCfg = Debug|Any CPU
		{E289A9F0-164E-18DD-B4BD-FBDAED8F1F00}.Debug|Any CPU.Build.0 = Debug|Any CPU
		{E289A9F0-164E-18DD-B4BD-FBDAED8F1F00}.Release|Any CPU.ActiveCfg = Release|Any CPU
		{E289A9F0-164E-18DD-B4BD-FBDAED8F1F00}.Release|Any CPU.Build.0 = Release|Any CPU
		{6882ED22-A372-7FFD-DF06-BEF17845068E}.Debug|Any CPU.ActiveCfg = Debug|Any CPU
		{6882ED22-A372-7FFD-DF06-BEF17845068E}.Debug|Any CPU.Build.0 = Debug|Any CPU
		{6882ED22-A372-7FFD-DF06-BEF17845068E}.Release|Any CPU.ActiveCfg = Release|Any CPU
		{6882ED22-A372-7FFD-DF06-BEF17845068E}.Release|Any CPU.Build.0 = Release|Any CPU
		{40A75E59-DE62-DB18-75E0-9CA2EDA2BE5A}.Debug|Any CPU.ActiveCfg = Debug|Any CPU
		{40A75E59-DE62-DB18-75E0-9CA2EDA2BE5A}.Debug|Any CPU.Build.0 = Debug|Any CPU
		{40A75E59-DE62-DB18-75E0-9CA2EDA2BE5A}.Release|Any CPU.ActiveCfg = Release|Any CPU
		{40A75E59-DE62-DB18-75E0-9CA2EDA2BE5A}.Release|Any CPU.Build.0 = Release|Any CPU
		{12AEF0F1-78B4-AC1A-487B-2C36592FA6FF}.Debug|Any CPU.ActiveCfg = Debug|Any CPU
		{12AEF0F1-78B4-AC1A-487B-2C36592FA6FF}.Debug|Any CPU.Build.0 = Debug|Any CPU
		{12AEF0F1-78B4-AC1A-487B-2C36592FA6FF}.Release|Any CPU.ActiveCfg = Release|Any CPU
		{12AEF0F1-78B4-AC1A-487B-2C36592FA6FF}.Release|Any CPU.Build.0 = Release|Any CPU
		{F504DEBF-F827-4434-C51C-7F8D6FADA64B}.Debug|Any CPU.ActiveCfg = Debug|Any CPU
		{F504DEBF-F827-4434-C51C-7F8D6FADA64B}.Debug|Any CPU.Build.0 = Debug|Any CPU
		{F504DEBF-F827-4434-C51C-7F8D6FADA64B}.Release|Any CPU.ActiveCfg = Release|Any CPU
		{F504DEBF-F827-4434-C51C-7F8D6FADA64B}.Release|Any CPU.Build.0 = Release|Any CPU
	EndGlobalSection
	GlobalSection(SolutionProperties) = preSolution
		HideSolutionNode = FALSE
	EndGlobalSection
EndGlobal
