
Microsoft Visual Studio Solution File, Format Version 12.00
# Visual Studio 15
Project("{FAE04EC0-301F-11D3-BF4B-00C04F79EFBC}") = "UnityEngine.UI", "UnityEngine.UI.csproj", "{F9496A39-C4B8-CD13-628D-6D83594B588D}"
EndProject
Project("{FAE04EC0-301F-11D3-BF4B-00C04F79EFBC}") = "UnityEngine.TestRunner", "UnityEngine.TestRunner.csproj", "{6F9F7F0D-DAB7-6B64-6504-499DEB7B3B67}"
EndProject
Project("{FAE04EC0-301F-11D3-BF4B-00C04F79EFBC}") = "Unity.Mathematics", "Unity.Mathematics.csproj", "{C2D91BBF-37AA-FB4D-60AC-0E0DC6BEBEA1}"
EndProject
Project("{FAE04EC0-301F-11D3-BF4B-00C04F79EFBC}") = "Unity.2D.Animation.Triangle.Runtime", "Unity.2D.Animation.Triangle.Runtime.csproj", "{4924DE27-5902-F0B8-AEEF-F10127C392AD}"
EndProject
Project("{FAE04EC0-301F-11D3-BF4B-00C04F79EFBC}") = "Unity.Timeline", "Unity.Timeline.csproj", "{BB1C0E13-52DB-2779-F15F-50885B43B641}"
EndProject
Project("{FAE04EC0-301F-11D3-BF4B-00C04F79EFBC}") = "Unity.TextMeshPro", "Unity.TextMeshPro.csproj", "{DB57C015-B283-60EA-7B37-D344F58B337F}"
EndProject
Project("{FAE04EC0-301F-11D3-BF4B-00C04F79EFBC}") = "Unity.2D.Animation.Runtime", "Unity.2D.Animation.Runtime.csproj", "{8ABA4563-23E8-DCCE-4B5C-C061F80ADBB3}"
EndProject
Project("{FAE04EC0-301F-11D3-BF4B-00C04F79EFBC}") = "Unity.2D.IK.Runtime", "Unity.2D.IK.Runtime.csproj", "{EC481A0B-219F-A435-CEB0-6C4B6A092CE9}"
EndProject
Project("{FAE04EC0-301F-11D3-BF4B-00C04F79EFBC}") = "Unity.2D.SpriteShape.Runtime", "Unity.2D.SpriteShape.Runtime.csproj", "{A688E122-ED29-428A-0E84-6981DB50101B}"
EndProject
Project("{FAE04EC0-301F-11D3-BF4B-00C04F79EFBC}") = "Unity.2D.PixelPerfect", "Unity.2D.PixelPerfect.csproj", "{DDF090D7-AC3A-1077-463C-D014E3F607ED}"
EndProject
Project("{FAE04EC0-301F-11D3-BF4B-00C04F79EFBC}") = "Unity.2D.Common.Runtime", "Unity.2D.Common.Runtime.csproj", "{C8DB1A16-0EB2-5D44-0E04-AF59EBA57297}"
EndProject
Project("{FAE04EC0-301F-11D3-BF4B-00C04F79EFBC}") = "Unity.InternalAPIEngineBridge.001", "Unity.InternalAPIEngineBridge.001.csproj", "{9C721F91-4369-0075-3EFD-E60E835CBA3F}"
EndProject
Project("{FAE04EC0-301F-11D3-BF4B-00C04F79EFBC}") = "Assembly-CSharp", "Assembly-CSharp.csproj", "{A868CF67-C245-4DF2-2E0F-F68ADEFCF1D1}"
EndProject
Project("{FAE04EC0-301F-11D3-BF4B-00C04F79EFBC}") = "UnityEditor.TestRunner", "UnityEditor.TestRunner.csproj", "{D5EE0E70-93EE-7F91-7B21-DC866E5A64F1}"
EndProject
Project("{FAE04EC0-301F-11D3-BF4B-00C04F79EFBC}") = "Unity.PlasticSCM.Editor", "Unity.PlasticSCM.Editor.csproj", "{8D38A0A1-E56A-FC17-EBD0-98DB92A847A6}"
EndProject
Project("{FAE04EC0-301F-11D3-BF4B-00C04F79EFBC}") = "UnityEditor.UI", "UnityEditor.UI.csproj", "{13B67125-7158-21E8-85CA-E57AFF45821F}"
EndProject
Project("{FAE04EC0-301F-11D3-BF4B-00C04F79EFBC}") = "Unity.Services.Core.Editor", "Unity.Services.Core.Editor.csproj", "{92C753BC-DF92-1CB6-F71B-AF41294D3C72}"
EndProject
Project("{FAE04EC0-301F-11D3-BF4B-00C04F79EFBC}") = "Unity.Timeline.Editor", "Unity.Timeline.Editor.csproj", "{830B7825-77DD-43BA-E5AB-2B63FC19918C}"
EndProject
Project("{FAE04EC0-301F-11D3-BF4B-00C04F79EFBC}") = "Unity.VisualStudio.Editor", "Unity.VisualStudio.Editor.csproj", "{53F9C14E-FED4-B686-4E9F-E1FCFEED7DBF}"
EndProject
Project("{FAE04EC0-301F-11D3-BF4B-00C04F79EFBC}") = "Unity.2D.Psdimporter.Editor", "Unity.2D.Psdimporter.Editor.csproj", "{EAA2EB6C-5B11-8E03-94D1-DD0053A069B8}"
EndProject
Project("{FAE04EC0-301F-11D3-BF4B-00C04F79EFBC}") = "Unity.2D.Animation.Editor", "Unity.2D.Animation.Editor.csproj", "{5C5A380F-7036-C9DF-86E4-C07181E932CC}"
EndProject
Project("{FAE04EC0-301F-11D3-BF4B-00C04F79EFBC}") = "Unity.TextMeshPro.Editor", "Unity.TextMeshPro.Editor.csproj", "{D1A03F4A-01BE-BDFA-D7B2-1D460E16532B}"
EndProject
Project("{FAE04EC0-301F-11D3-BF4B-00C04F79EFBC}") = "Unity.2D.SpriteShape.Editor", "Unity.2D.SpriteShape.Editor.csproj", "{3E8F96EA-30E1-B290-9D6E-25DCFE3E5C9E}"
EndProject
Project("{FAE04EC0-301F-11D3-BF4B-00C04F79EFBC}") = "Unity.CollabProxy.Editor", "Unity.CollabProxy.Editor.csproj", "{EA750A92-8118-13A0-7566-BFCE4A78D05C}"
EndProject
Project("{FAE04EC0-301F-11D3-BF4B-00C04F79EFBC}") = "PsdPlugin", "PsdPlugin.csproj", "{49FDB114-5686-18DF-943B-CF1B2F903588}"
EndProject
Project("{FAE04EC0-301F-11D3-BF4B-00C04F79EFBC}") = "Unity.2D.Path.Editor", "Unity.2D.Path.Editor.csproj", "{3BB27AC8-C2A9-43E0-0056-FF280949EDA2}"
EndProject
Project("{FAE04EC0-301F-11D3-BF4B-00C04F79EFBC}") = "Unity.Rider.Editor", "Unity.Rider.Editor.csproj", "{E816A375-295C-48A4-D9F1-C6FC623DA68D}"
EndProject
Project("{FAE04EC0-301F-11D3-BF4B-00C04F79EFBC}") = "Unity.2D.IK.Editor", "Unity.2D.IK.Editor.csproj", "{B7FF6D56-C86A-BECB-BC59-FF033D9E2D38}"
EndProject
Project("{FAE04EC0-301F-11D3-BF4B-00C04F79EFBC}") = "Unity.2D.Sprite.Editor", "Unity.2D.Sprite.Editor.csproj", "{775C5B4A-102B-1567-A6AA-5814BA2D8D2E}"
EndProject
Project("{FAE04EC0-301F-11D3-BF4B-00C04F79EFBC}") = "Unity.2D.Tilemap.Editor", "Unity.2D.Tilemap.Editor.csproj", "{BC842322-C82F-11D1-6B88-6CF184A607BD}"
EndProject
Project("{FAE04EC0-301F-11D3-BF4B-00C04F79EFBC}") = "Unity.2D.PixelPerfect.Editor", "Unity.2D.PixelPerfect.Editor.csproj", "{D98317B4-4274-23E8-B7D0-78A5E6511010}"
EndProject
Project("{FAE04EC0-301F-11D3-BF4B-00C04F79EFBC}") = "Unity.VSCode.Editor", "Unity.VSCode.Editor.csproj", "{C49A07CB-BBDB-8CFE-9398-EAD40A485D46}"
EndProject
Project("{FAE04EC0-301F-11D3-BF4B-00C04F79EFBC}") = "Unity.2D.Common.Editor", "Unity.2D.Common.Editor.csproj", "{26FC79F5-A8C9-CD8E-ABFD-E6FF011B060B}"
EndProject
Project("{FAE04EC0-301F-11D3-BF4B-00C04F79EFBC}") = "Unity.Mathematics.Editor", "Unity.Mathematics.Editor.csproj", "{7A5B3F90-DAC5-5598-AA26-2846912163C4}"
EndProject
Project("{FAE04EC0-301F-11D3-BF4B-00C04F79EFBC}") = "Unity.InternalAPIEditorBridge.001", "Unity.InternalAPIEditorBridge.001.csproj", "{ECD42FA0-BB54-0EB7-2576-E5EAD4C45465}"
EndProject
Project("{FAE04EC0-301F-11D3-BF4B-00C04F79EFBC}") = "UnityEngine.UI", "UnityEngine.UI.Player.csproj", "{246E1388-B73B-1E13-B0DF-AE7E0F85FF3E}"
EndProject
Project("{FAE04EC0-301F-11D3-BF4B-00C04F79EFBC}") = "UnityEngine.TestRunner", "UnityEngine.TestRunner.Player.csproj", "{378FCC79-3D5C-A7F2-32BF-B8418FA031E7}"
EndProject
Project("{FAE04EC0-301F-11D3-BF4B-00C04F79EFBC}") = "Unity.Mathematics", "Unity.Mathematics.Player.csproj", "{B9B8343A-17E6-7C87-69BD-D3A14B64FA2C}"
EndProject
Project("{FAE04EC0-301F-11D3-BF4B-00C04F79EFBC}") = "Unity.2D.Animation.Triangle.Runtime", "Unity.2D.Animation.Triangle.Runtime.Player.csproj", "{0661BACF-7A0D-391C-A23B-944FB3E3BDDF}"
EndProject
Project("{FAE04EC0-301F-11D3-BF4B-00C04F79EFBC}") = "Unity.Timeline", "Unity.Timeline.Player.csproj", "{7029B44D-9CEA-F780-56E2-EDAFF112B9EA}"
EndProject
Project("{FAE04EC0-301F-11D3-BF4B-00C04F79EFBC}") = "Unity.TextMeshPro", "Unity.TextMeshPro.Player.csproj", "{7E2E6148-CAB9-8B41-80E4-4E428F32C99D}"
EndProject
Project("{FAE04EC0-301F-11D3-BF4B-00C04F79EFBC}") = "Unity.2D.Animation.Runtime", "Unity.2D.Animation.Runtime.Player.csproj", "{918DC0CE-55E5-A373-57FF-43199C241406}"
EndProject
Project("{FAE04EC0-301F-11D3-BF4B-00C04F79EFBC}") = "Unity.2D.IK.Runtime", "Unity.2D.IK.Runtime.Player.csproj", "{D6E68A64-F4C2-78B8-AF33-256DE4473A67}"
EndProject
Project("{FAE04EC0-301F-11D3-BF4B-00C04F79EFBC}") = "Unity.2D.SpriteShape.Runtime", "Unity.2D.SpriteShape.Runtime.Player.csproj", "{CDF1B858-4250-4334-BE17-2FCE62603293}"
EndProject
Project("{FAE04EC0-301F-11D3-BF4B-00C04F79EFBC}") = "Unity.2D.PixelPerfect", "Unity.2D.PixelPerfect.Player.csproj", "{89D90D6D-9F38-A437-7642-20A0210B5C7D}"
EndProject
Project("{FAE04EC0-301F-11D3-BF4B-00C04F79EFBC}") = "Unity.2D.Common.Runtime", "Unity.2D.Common.Runtime.Player.csproj", "{88C210E7-8083-DCFB-44BA-B6584CD13A90}"
EndProject
Project("{FAE04EC0-301F-11D3-BF4B-00C04F79EFBC}") = "Unity.InternalAPIEngineBridge.001", "Unity.InternalAPIEngineBridge.001.Player.csproj", "{DBA88022-50B9-B57D-0F7D-7296464262ED}"
EndProject
Project("{FAE04EC0-301F-11D3-BF4B-00C04F79EFBC}") = "Assembly-CSharp", "Assembly-CSharp.Player.csproj", "{9B3663AE-35CA-672B-5D65-9A4AD8C62E48}"
EndProject
Global
	GlobalSection(SolutionConfigurationPlatforms) = preSolution
		Debug|Any CPU = Debug|Any CPU
		Release|Any CPU = Release|Any CPU
	EndGlobalSection
	GlobalSection(ProjectConfigurationPlatforms) = postSolution
		{F9496A39-C4B8-CD13-628D-6D83594B588D}.Debug|Any CPU.ActiveCfg = Debug|Any CPU
		{F9496A39-C4B8-CD13-628D-6D83594B588D}.Debug|Any CPU.Build.0 = Debug|Any CPU
		{F9496A39-C4B8-CD13-628D-6D83594B588D}.Release|Any CPU.ActiveCfg = Release|Any CPU
		{F9496A39-C4B8-CD13-628D-6D83594B588D}.Release|Any CPU.Build.0 = Release|Any CPU
		{6F9F7F0D-DAB7-6B64-6504-499DEB7B3B67}.Debug|Any CPU.ActiveCfg = Debug|Any CPU
		{6F9F7F0D-DAB7-6B64-6504-499DEB7B3B67}.Debug|Any CPU.Build.0 = Debug|Any CPU
		{6F9F7F0D-DAB7-6B64-6504-499DEB7B3B67}.Release|Any CPU.ActiveCfg = Release|Any CPU
		{6F9F7F0D-DAB7-6B64-6504-499DEB7B3B67}.Release|Any CPU.Build.0 = Release|Any CPU
		{C2D91BBF-37AA-FB4D-60AC-0E0DC6BEBEA1}.Debug|Any CPU.ActiveCfg = Debug|Any CPU
		{C2D91BBF-37AA-FB4D-60AC-0E0DC6BEBEA1}.Debug|Any CPU.Build.0 = Debug|Any CPU
		{C2D91BBF-37AA-FB4D-60AC-0E0DC6BEBEA1}.Release|Any CPU.ActiveCfg = Release|Any CPU
		{C2D91BBF-37AA-FB4D-60AC-0E0DC6BEBEA1}.Release|Any CPU.Build.0 = Release|Any CPU
		{4924DE27-5902-F0B8-AEEF-F10127C392AD}.Debug|Any CPU.ActiveCfg = Debug|Any CPU
		{4924DE27-5902-F0B8-AEEF-F10127C392AD}.Debug|Any CPU.Build.0 = Debug|Any CPU
		{4924DE27-5902-F0B8-AEEF-F10127C392AD}.Release|Any CPU.ActiveCfg = Release|Any CPU
		{4924DE27-5902-F0B8-AEEF-F10127C392AD}.Release|Any CPU.Build.0 = Release|Any CPU
		{BB1C0E13-52DB-2779-F15F-50885B43B641}.Debug|Any CPU.ActiveCfg = Debug|Any CPU
		{BB1C0E13-52DB-2779-F15F-50885B43B641}.Debug|Any CPU.Build.0 = Debug|Any CPU
		{BB1C0E13-52DB-2779-F15F-50885B43B641}.Release|Any CPU.ActiveCfg = Release|Any CPU
		{BB1C0E13-52DB-2779-F15F-50885B43B641}.Release|Any CPU.Build.0 = Release|Any CPU
		{DB57C015-B283-60EA-7B37-D344F58B337F}.Debug|Any CPU.ActiveCfg = Debug|Any CPU
		{DB57C015-B283-60EA-7B37-D344F58B337F}.Debug|Any CPU.Build.0 = Debug|Any CPU
		{DB57C015-B283-60EA-7B37-D344F58B337F}.Release|Any CPU.ActiveCfg = Release|Any CPU
		{DB57C015-B283-60EA-7B37-D344F58B337F}.Release|Any CPU.Build.0 = Release|Any CPU
		{8ABA4563-23E8-DCCE-4B5C-C061F80ADBB3}.Debug|Any CPU.ActiveCfg = Debug|Any CPU
		{8ABA4563-23E8-DCCE-4B5C-C061F80ADBB3}.Debug|Any CPU.Build.0 = Debug|Any CPU
		{8ABA4563-23E8-DCCE-4B5C-C061F80ADBB3}.Release|Any CPU.ActiveCfg = Release|Any CPU
		{8ABA4563-23E8-DCCE-4B5C-C061F80ADBB3}.Release|Any CPU.Build.0 = Release|Any CPU
		{EC481A0B-219F-A435-CEB0-6C4B6A092CE9}.Debug|Any CPU.ActiveCfg = Debug|Any CPU
		{EC481A0B-219F-A435-CEB0-6C4B6A092CE9}.Debug|Any CPU.Build.0 = Debug|Any CPU
		{EC481A0B-219F-A435-CEB0-6C4B6A092CE9}.Release|Any CPU.ActiveCfg = Release|Any CPU
		{EC481A0B-219F-A435-CEB0-6C4B6A092CE9}.Release|Any CPU.Build.0 = Release|Any CPU
		{A688E122-ED29-428A-0E84-6981DB50101B}.Debug|Any CPU.ActiveCfg = Debug|Any CPU
		{A688E122-ED29-428A-0E84-6981DB50101B}.Debug|Any CPU.Build.0 = Debug|Any CPU
		{A688E122-ED29-428A-0E84-6981DB50101B}.Release|Any CPU.ActiveCfg = Release|Any CPU
		{A688E122-ED29-428A-0E84-6981DB50101B}.Release|Any CPU.Build.0 = Release|Any CPU
		{DDF090D7-AC3A-1077-463C-D014E3F607ED}.Debug|Any CPU.ActiveCfg = Debug|Any CPU
		{DDF090D7-AC3A-1077-463C-D014E3F607ED}.Debug|Any CPU.Build.0 = Debug|Any CPU
		{DDF090D7-AC3A-1077-463C-D014E3F607ED}.Release|Any CPU.ActiveCfg = Release|Any CPU
		{DDF090D7-AC3A-1077-463C-D014E3F607ED}.Release|Any CPU.Build.0 = Release|Any CPU
		{C8DB1A16-0EB2-5D44-0E04-AF59EBA57297}.Debug|Any CPU.ActiveCfg = Debug|Any CPU
		{C8DB1A16-0EB2-5D44-0E04-AF59EBA57297}.Debug|Any CPU.Build.0 = Debug|Any CPU
		{C8DB1A16-0EB2-5D44-0E04-AF59EBA57297}.Release|Any CPU.ActiveCfg = Release|Any CPU
		{C8DB1A16-0EB2-5D44-0E04-AF59EBA57297}.Release|Any CPU.Build.0 = Release|Any CPU
		{9C721F91-4369-0075-3EFD-E60E835CBA3F}.Debug|Any CPU.ActiveCfg = Debug|Any CPU
		{9C721F91-4369-0075-3EFD-E60E835CBA3F}.Debug|Any CPU.Build.0 = Debug|Any CPU
		{9C721F91-4369-0075-3EFD-E60E835CBA3F}.Release|Any CPU.ActiveCfg = Release|Any CPU
		{9C721F91-4369-0075-3EFD-E60E835CBA3F}.Release|Any CPU.Build.0 = Release|Any CPU
		{A868CF67-C245-4DF2-2E0F-F68ADEFCF1D1}.Debug|Any CPU.ActiveCfg = Debug|Any CPU
		{A868CF67-C245-4DF2-2E0F-F68ADEFCF1D1}.Debug|Any CPU.Build.0 = Debug|Any CPU
		{A868CF67-C245-4DF2-2E0F-F68ADEFCF1D1}.Release|Any CPU.ActiveCfg = Release|Any CPU
		{A868CF67-C245-4DF2-2E0F-F68ADEFCF1D1}.Release|Any CPU.Build.0 = Release|Any CPU
		{D5EE0E70-93EE-7F91-7B21-DC866E5A64F1}.Debug|Any CPU.ActiveCfg = Debug|Any CPU
		{D5EE0E70-93EE-7F91-7B21-DC866E5A64F1}.Debug|Any CPU.Build.0 = Debug|Any CPU
		{D5EE0E70-93EE-7F91-7B21-DC866E5A64F1}.Release|Any CPU.ActiveCfg = Release|Any CPU
		{D5EE0E70-93EE-7F91-7B21-DC866E5A64F1}.Release|Any CPU.Build.0 = Release|Any CPU
		{8D38A0A1-E56A-FC17-EBD0-98DB92A847A6}.Debug|Any CPU.ActiveCfg = Debug|Any CPU
		{8D38A0A1-E56A-FC17-EBD0-98DB92A847A6}.Debug|Any CPU.Build.0 = Debug|Any CPU
		{8D38A0A1-E56A-FC17-EBD0-98DB92A847A6}.Release|Any CPU.ActiveCfg = Release|Any CPU
		{8D38A0A1-E56A-FC17-EBD0-98DB92A847A6}.Release|Any CPU.Build.0 = Release|Any CPU
		{13B67125-7158-21E8-85CA-E57AFF45821F}.Debug|Any CPU.ActiveCfg = Debug|Any CPU
		{13B67125-7158-21E8-85CA-E57AFF45821F}.Debug|Any CPU.Build.0 = Debug|Any CPU
		{13B67125-7158-21E8-85CA-E57AFF45821F}.Release|Any CPU.ActiveCfg = Release|Any CPU
		{13B67125-7158-21E8-85CA-E57AFF45821F}.Release|Any CPU.Build.0 = Release|Any CPU
		{92C753BC-DF92-1CB6-F71B-AF41294D3C72}.Debug|Any CPU.ActiveCfg = Debug|Any CPU
		{92C753BC-DF92-1CB6-F71B-AF41294D3C72}.Debug|Any CPU.Build.0 = Debug|Any CPU
		{92C753BC-DF92-1CB6-F71B-AF41294D3C72}.Release|Any CPU.ActiveCfg = Release|Any CPU
		{92C753BC-DF92-1CB6-F71B-AF41294D3C72}.Release|Any CPU.Build.0 = Release|Any CPU
		{830B7825-77DD-43BA-E5AB-2B63FC19918C}.Debug|Any CPU.ActiveCfg = Debug|Any CPU
		{830B7825-77DD-43BA-E5AB-2B63FC19918C}.Debug|Any CPU.Build.0 = Debug|Any CPU
		{830B7825-77DD-43BA-E5AB-2B63FC19918C}.Release|Any CPU.ActiveCfg = Release|Any CPU
		{830B7825-77DD-43BA-E5AB-2B63FC19918C}.Release|Any CPU.Build.0 = Release|Any CPU
		{53F9C14E-FED4-B686-4E9F-E1FCFEED7DBF}.Debug|Any CPU.ActiveCfg = Debug|Any CPU
		{53F9C14E-FED4-B686-4E9F-E1FCFEED7DBF}.Debug|Any CPU.Build.0 = Debug|Any CPU
		{53F9C14E-FED4-B686-4E9F-E1FCFEED7DBF}.Release|Any CPU.ActiveCfg = Release|Any CPU
		{53F9C14E-FED4-B686-4E9F-E1FCFEED7DBF}.Release|Any CPU.Build.0 = Release|Any CPU
		{EAA2EB6C-5B11-8E03-94D1-DD0053A069B8}.Debug|Any CPU.ActiveCfg = Debug|Any CPU
		{EAA2EB6C-5B11-8E03-94D1-DD0053A069B8}.Debug|Any CPU.Build.0 = Debug|Any CPU
		{EAA2EB6C-5B11-8E03-94D1-DD0053A069B8}.Release|Any CPU.ActiveCfg = Release|Any CPU
		{EAA2EB6C-5B11-8E03-94D1-DD0053A069B8}.Release|Any CPU.Build.0 = Release|Any CPU
		{5C5A380F-7036-C9DF-86E4-C07181E932CC}.Debug|Any CPU.ActiveCfg = Debug|Any CPU
		{5C5A380F-7036-C9DF-86E4-C07181E932CC}.Debug|Any CPU.Build.0 = Debug|Any CPU
		{5C5A380F-7036-C9DF-86E4-C07181E932CC}.Release|Any CPU.ActiveCfg = Release|Any CPU
		{5C5A380F-7036-C9DF-86E4-C07181E932CC}.Release|Any CPU.Build.0 = Release|Any CPU
		{D1A03F4A-01BE-BDFA-D7B2-1D460E16532B}.Debug|Any CPU.ActiveCfg = Debug|Any CPU
		{D1A03F4A-01BE-BDFA-D7B2-1D460E16532B}.Debug|Any CPU.Build.0 = Debug|Any CPU
		{D1A03F4A-01BE-BDFA-D7B2-1D460E16532B}.Release|Any CPU.ActiveCfg = Release|Any CPU
		{D1A03F4A-01BE-BDFA-D7B2-1D460E16532B}.Release|Any CPU.Build.0 = Release|Any CPU
		{3E8F96EA-30E1-B290-9D6E-25DCFE3E5C9E}.Debug|Any CPU.ActiveCfg = Debug|Any CPU
		{3E8F96EA-30E1-B290-9D6E-25DCFE3E5C9E}.Debug|Any CPU.Build.0 = Debug|Any CPU
		{3E8F96EA-30E1-B290-9D6E-25DCFE3E5C9E}.Release|Any CPU.ActiveCfg = Release|Any CPU
		{3E8F96EA-30E1-B290-9D6E-25DCFE3E5C9E}.Release|Any CPU.Build.0 = Release|Any CPU
		{EA750A92-8118-13A0-7566-BFCE4A78D05C}.Debug|Any CPU.ActiveCfg = Debug|Any CPU
		{EA750A92-8118-13A0-7566-BFCE4A78D05C}.Debug|Any CPU.Build.0 = Debug|Any CPU
		{EA750A92-8118-13A0-7566-BFCE4A78D05C}.Release|Any CPU.ActiveCfg = Release|Any CPU
		{EA750A92-8118-13A0-7566-BFCE4A78D05C}.Release|Any CPU.Build.0 = Release|Any CPU
		{49FDB114-5686-18DF-943B-CF1B2F903588}.Debug|Any CPU.ActiveCfg = Debug|Any CPU
		{49FDB114-5686-18DF-943B-CF1B2F903588}.Debug|Any CPU.Build.0 = Debug|Any CPU
		{49FDB114-5686-18DF-943B-CF1B2F903588}.Release|Any CPU.ActiveCfg = Release|Any CPU
		{49FDB114-5686-18DF-943B-CF1B2F903588}.Release|Any CPU.Build.0 = Release|Any CPU
		{3BB27AC8-C2A9-43E0-0056-FF280949EDA2}.Debug|Any CPU.ActiveCfg = Debug|Any CPU
		{3BB27AC8-C2A9-43E0-0056-FF280949EDA2}.Debug|Any CPU.Build.0 = Debug|Any CPU
		{3BB27AC8-C2A9-43E0-0056-FF280949EDA2}.Release|Any CPU.ActiveCfg = Release|Any CPU
		{3BB27AC8-C2A9-43E0-0056-FF280949EDA2}.Release|Any CPU.Build.0 = Release|Any CPU
		{E816A375-295C-48A4-D9F1-C6FC623DA68D}.Debug|Any CPU.ActiveCfg = Debug|Any CPU
		{E816A375-295C-48A4-D9F1-C6FC623DA68D}.Debug|Any CPU.Build.0 = Debug|Any CPU
		{E816A375-295C-48A4-D9F1-C6FC623DA68D}.Release|Any CPU.ActiveCfg = Release|Any CPU
		{E816A375-295C-48A4-D9F1-C6FC623DA68D}.Release|Any CPU.Build.0 = Release|Any CPU
		{B7FF6D56-C86A-BECB-BC59-FF033D9E2D38}.Debug|Any CPU.ActiveCfg = Debug|Any CPU
		{B7FF6D56-C86A-BECB-BC59-FF033D9E2D38}.Debug|Any CPU.Build.0 = Debug|Any CPU
		{B7FF6D56-C86A-BECB-BC59-FF033D9E2D38}.Release|Any CPU.ActiveCfg = Release|Any CPU
		{B7FF6D56-C86A-BECB-BC59-FF033D9E2D38}.Release|Any CPU.Build.0 = Release|Any CPU
		{775C5B4A-102B-1567-A6AA-5814BA2D8D2E}.Debug|Any CPU.ActiveCfg = Debug|Any CPU
		{775C5B4A-102B-1567-A6AA-5814BA2D8D2E}.Debug|Any CPU.Build.0 = Debug|Any CPU
		{775C5B4A-102B-1567-A6AA-5814BA2D8D2E}.Release|Any CPU.ActiveCfg = Release|Any CPU
		{775C5B4A-102B-1567-A6AA-5814BA2D8D2E}.Release|Any CPU.Build.0 = Release|Any CPU
		{BC842322-C82F-11D1-6B88-6CF184A607BD}.Debug|Any CPU.ActiveCfg = Debug|Any CPU
		{BC842322-C82F-11D1-6B88-6CF184A607BD}.Debug|Any CPU.Build.0 = Debug|Any CPU
		{BC842322-C82F-11D1-6B88-6CF184A607BD}.Release|Any CPU.ActiveCfg = Release|Any CPU
		{BC842322-C82F-11D1-6B88-6CF184A607BD}.Release|Any CPU.Build.0 = Release|Any CPU
		{D98317B4-4274-23E8-B7D0-78A5E6511010}.Debug|Any CPU.ActiveCfg = Debug|Any CPU
		{D98317B4-4274-23E8-B7D0-78A5E6511010}.Debug|Any CPU.Build.0 = Debug|Any CPU
		{D98317B4-4274-23E8-B7D0-78A5E6511010}.Release|Any CPU.ActiveCfg = Release|Any CPU
		{D98317B4-4274-23E8-B7D0-78A5E6511010}.Release|Any CPU.Build.0 = Release|Any CPU
		{C49A07CB-BBDB-8CFE-9398-EAD40A485D46}.Debug|Any CPU.ActiveCfg = Debug|Any CPU
		{C49A07CB-BBDB-8CFE-9398-EAD40A485D46}.Debug|Any CPU.Build.0 = Debug|Any CPU
		{C49A07CB-BBDB-8CFE-9398-EAD40A485D46}.Release|Any CPU.ActiveCfg = Release|Any CPU
		{C49A07CB-BBDB-8CFE-9398-EAD40A485D46}.Release|Any CPU.Build.0 = Release|Any CPU
		{26FC79F5-A8C9-CD8E-ABFD-E6FF011B060B}.Debug|Any CPU.ActiveCfg = Debug|Any CPU
		{26FC79F5-A8C9-CD8E-ABFD-E6FF011B060B}.Debug|Any CPU.Build.0 = Debug|Any CPU
		{26FC79F5-A8C9-CD8E-ABFD-E6FF011B060B}.Release|Any CPU.ActiveCfg = Release|Any CPU
		{26FC79F5-A8C9-CD8E-ABFD-E6FF011B060B}.Release|Any CPU.Build.0 = Release|Any CPU
		{7A5B3F90-DAC5-5598-AA26-2846912163C4}.Debug|Any CPU.ActiveCfg = Debug|Any CPU
		{7A5B3F90-DAC5-5598-AA26-2846912163C4}.Debug|Any CPU.Build.0 = Debug|Any CPU
		{7A5B3F90-DAC5-5598-AA26-2846912163C4}.Release|Any CPU.ActiveCfg = Release|Any CPU
		{7A5B3F90-DAC5-5598-AA26-2846912163C4}.Release|Any CPU.Build.0 = Release|Any CPU
		{ECD42FA0-BB54-0EB7-2576-E5EAD4C45465}.Debug|Any CPU.ActiveCfg = Debug|Any CPU
		{ECD42FA0-BB54-0EB7-2576-E5EAD4C45465}.Debug|Any CPU.Build.0 = Debug|Any CPU
		{ECD42FA0-BB54-0EB7-2576-E5EAD4C45465}.Release|Any CPU.ActiveCfg = Release|Any CPU
		{ECD42FA0-BB54-0EB7-2576-E5EAD4C45465}.Release|Any CPU.Build.0 = Release|Any CPU
		{246E1388-B73B-1E13-B0DF-AE7E0F85FF3E}.Debug|Any CPU.ActiveCfg = Debug|Any CPU
		{246E1388-B73B-1E13-B0DF-AE7E0F85FF3E}.Debug|Any CPU.Build.0 = Debug|Any CPU
		{246E1388-B73B-1E13-B0DF-AE7E0F85FF3E}.Release|Any CPU.ActiveCfg = Release|Any CPU
		{246E1388-B73B-1E13-B0DF-AE7E0F85FF3E}.Release|Any CPU.Build.0 = Release|Any CPU
		{378FCC79-3D5C-A7F2-32BF-B8418FA031E7}.Debug|Any CPU.ActiveCfg = Debug|Any CPU
		{378FCC79-3D5C-A7F2-32BF-B8418FA031E7}.Debug|Any CPU.Build.0 = Debug|Any CPU
		{378FCC79-3D5C-A7F2-32BF-B8418FA031E7}.Release|Any CPU.ActiveCfg = Release|Any CPU
		{378FCC79-3D5C-A7F2-32BF-B8418FA031E7}.Release|Any CPU.Build.0 = Release|Any CPU
		{B9B8343A-17E6-7C87-69BD-D3A14B64FA2C}.Debug|Any CPU.ActiveCfg = Debug|Any CPU
		{B9B8343A-17E6-7C87-69BD-D3A14B64FA2C}.Debug|Any CPU.Build.0 = Debug|Any CPU
		{B9B8343A-17E6-7C87-69BD-D3A14B64FA2C}.Release|Any CPU.ActiveCfg = Release|Any CPU
		{B9B8343A-17E6-7C87-69BD-D3A14B64FA2C}.Release|Any CPU.Build.0 = Release|Any CPU
		{0661BACF-7A0D-391C-A23B-944FB3E3BDDF}.Debug|Any CPU.ActiveCfg = Debug|Any CPU
		{0661BACF-7A0D-391C-A23B-944FB3E3BDDF}.Debug|Any CPU.Build.0 = Debug|Any CPU
		{0661BACF-7A0D-391C-A23B-944FB3E3BDDF}.Release|Any CPU.ActiveCfg = Release|Any CPU
		{0661BACF-7A0D-391C-A23B-944FB3E3BDDF}.Release|Any CPU.Build.0 = Release|Any CPU
		{7029B44D-9CEA-F780-56E2-EDAFF112B9EA}.Debug|Any CPU.ActiveCfg = Debug|Any CPU
		{7029B44D-9CEA-F780-56E2-EDAFF112B9EA}.Debug|Any CPU.Build.0 = Debug|Any CPU
		{7029B44D-9CEA-F780-56E2-EDAFF112B9EA}.Release|Any CPU.ActiveCfg = Release|Any CPU
		{7029B44D-9CEA-F780-56E2-EDAFF112B9EA}.Release|Any CPU.Build.0 = Release|Any CPU
		{7E2E6148-CAB9-8B41-80E4-4E428F32C99D}.Debug|Any CPU.ActiveCfg = Debug|Any CPU
		{7E2E6148-CAB9-8B41-80E4-4E428F32C99D}.Debug|Any CPU.Build.0 = Debug|Any CPU
		{7E2E6148-CAB9-8B41-80E4-4E428F32C99D}.Release|Any CPU.ActiveCfg = Release|Any CPU
		{7E2E6148-CAB9-8B41-80E4-4E428F32C99D}.Release|Any CPU.Build.0 = Release|Any CPU
		{918DC0CE-55E5-A373-57FF-43199C241406}.Debug|Any CPU.ActiveCfg = Debug|Any CPU
		{918DC0CE-55E5-A373-57FF-43199C241406}.Debug|Any CPU.Build.0 = Debug|Any CPU
		{918DC0CE-55E5-A373-57FF-43199C241406}.Release|Any CPU.ActiveCfg = Release|Any CPU
		{918DC0CE-55E5-A373-57FF-43199C241406}.Release|Any CPU.Build.0 = Release|Any CPU
		{D6E68A64-F4C2-78B8-AF33-256DE4473A67}.Debug|Any CPU.ActiveCfg = Debug|Any CPU
		{D6E68A64-F4C2-78B8-AF33-256DE4473A67}.Debug|Any CPU.Build.0 = Debug|Any CPU
		{D6E68A64-F4C2-78B8-AF33-256DE4473A67}.Release|Any CPU.ActiveCfg = Release|Any CPU
		{D6E68A64-F4C2-78B8-AF33-256DE4473A67}.Release|Any CPU.Build.0 = Release|Any CPU
		{CDF1B858-4250-4334-BE17-2FCE62603293}.Debug|Any CPU.ActiveCfg = Debug|Any CPU
		{CDF1B858-4250-4334-BE17-2FCE62603293}.Debug|Any CPU.Build.0 = Debug|Any CPU
		{CDF1B858-4250-4334-BE17-2FCE62603293}.Release|Any CPU.ActiveCfg = Release|Any CPU
		{CDF1B858-4250-4334-BE17-2FCE62603293}.Release|Any CPU.Build.0 = Release|Any CPU
		{89D90D6D-9F38-A437-7642-20A0210B5C7D}.Debug|Any CPU.ActiveCfg = Debug|Any CPU
		{89D90D6D-9F38-A437-7642-20A0210B5C7D}.Debug|Any CPU.Build.0 = Debug|Any CPU
		{89D90D6D-9F38-A437-7642-20A0210B5C7D}.Release|Any CPU.ActiveCfg = Release|Any CPU
		{89D90D6D-9F38-A437-7642-20A0210B5C7D}.Release|Any CPU.Build.0 = Release|Any CPU
		{88C210E7-8083-DCFB-44BA-B6584CD13A90}.Debug|Any CPU.ActiveCfg = Debug|Any CPU
		{88C210E7-8083-DCFB-44BA-B6584CD13A90}.Debug|Any CPU.Build.0 = Debug|Any CPU
		{88C210E7-8083-DCFB-44BA-B6584CD13A90}.Release|Any CPU.ActiveCfg = Release|Any CPU
		{88C210E7-8083-DCFB-44BA-B6584CD13A90}.Release|Any CPU.Build.0 = Release|Any CPU
		{DBA88022-50B9-B57D-0F7D-7296464262ED}.Debug|Any CPU.ActiveCfg = Debug|Any CPU
		{DBA88022-50B9-B57D-0F7D-7296464262ED}.Debug|Any CPU.Build.0 = Debug|Any CPU
		{DBA88022-50B9-B57D-0F7D-7296464262ED}.Release|Any CPU.ActiveCfg = Release|Any CPU
		{DBA88022-50B9-B57D-0F7D-7296464262ED}.Release|Any CPU.Build.0 = Release|Any CPU
		{9B3663AE-35CA-672B-5D65-9A4AD8C62E48}.Debug|Any CPU.ActiveCfg = Debug|Any CPU
		{9B3663AE-35CA-672B-5D65-9A4AD8C62E48}.Debug|Any CPU.Build.0 = Debug|Any CPU
		{9B3663AE-35CA-672B-5D65-9A4AD8C62E48}.Release|Any CPU.ActiveCfg = Release|Any CPU
		{9B3663AE-35CA-672B-5D65-9A4AD8C62E48}.Release|Any CPU.Build.0 = Release|Any CPU
	EndGlobalSection
	GlobalSection(SolutionProperties) = preSolution
		HideSolutionNode = FALSE
	EndGlobalSection
EndGlobal
