
Microsoft Visual Studio Solution File, Format Version 12.00
# Visual Studio 15
Project("{FAE04EC0-301F-11D3-BF4B-00C04F79EFBC}") = "UnityEngine.UI", "UnityEngine.UI.csproj", "{BA6245B1-0A9A-E3F4-9B12-AFC677D212B7}"
EndProject
Project("{FAE04EC0-301F-11D3-BF4B-00C04F79EFBC}") = "UnityEngine.TestRunner", "UnityEngine.TestRunner.csproj", "{0C7AA44E-28A0-77F4-7052-09A3D2E5F2F0}"
EndProject
Project("{FAE04EC0-301F-11D3-BF4B-00C04F79EFBC}") = "Unity.Mathematics", "Unity.Mathematics.csproj", "{29A81D80-732B-7448-1B16-24814CF8EC25}"
EndProject
Project("{FAE04EC0-301F-11D3-BF4B-00C04F79EFBC}") = "Unity.2D.Animation.Triangle.Runtime", "Unity.2D.Animation.Triangle.Runtime.csproj", "{E8D88667-8F51-8957-21BB-3935DF6FA906}"
EndProject
Project("{FAE04EC0-301F-11D3-BF4B-00C04F79EFBC}") = "Unity.Timeline", "Unity.Timeline.csproj", "{F98DEA9D-014A-1B8A-B74E-D81B314F1222}"
EndProject
Project("{FAE04EC0-301F-11D3-BF4B-00C04F79EFBC}") = "Unity.TextMeshPro", "Unity.TextMeshPro.csproj", "{6C6B5738-A257-0E4D-E646-DE179FEB3282}"
EndProject
Project("{FAE04EC0-301F-11D3-BF4B-00C04F79EFBC}") = "Unity.2D.Animation.Runtime", "Unity.2D.Animation.Runtime.csproj", "{D7051815-1BD4-6605-ED68-4DB41B675C83}"
EndProject
Project("{FAE04EC0-301F-11D3-BF4B-00C04F79EFBC}") = "Unity.2D.IK.Runtime", "Unity.2D.IK.Runtime.csproj", "{4B03F0B6-2F0A-C381-5F77-269048DBC95C}"
EndProject
Project("{FAE04EC0-301F-11D3-BF4B-00C04F79EFBC}") = "Unity.2D.SpriteShape.Runtime", "Unity.2D.SpriteShape.Runtime.csproj", "{E790FDC8-3BB4-EDF7-C1D1-20F768BB0B46}"
EndProject
Project("{FAE04EC0-301F-11D3-BF4B-00C04F79EFBC}") = "Unity.2D.PixelPerfect", "Unity.2D.PixelPerfect.csproj", "{753236DF-2288-219F-ACE2-59FA7BACFCF7}"
EndProject
Project("{FAE04EC0-301F-11D3-BF4B-00C04F79EFBC}") = "Unity.2D.Common.Runtime", "Unity.2D.Common.Runtime.csproj", "{DF27DA88-BB01-C5D2-6828-64E50D159380}"
EndProject
Project("{FAE04EC0-301F-11D3-BF4B-00C04F79EFBC}") = "Unity.InternalAPIEngineBridge.001", "Unity.InternalAPIEngineBridge.001.csproj", "{DC249BB2-1D9F-B59E-5F1D-AA09B001F1E1}"
EndProject
Project("{FAE04EC0-301F-11D3-BF4B-00C04F79EFBC}") = "Assembly-CSharp", "Assembly-CSharp.csproj", "{F8DFC284-A70C-A8FB-8347-9163928076A1}"
EndProject
Project("{FAE04EC0-301F-11D3-BF4B-00C04F79EFBC}") = "UnityEditor.TestRunner", "UnityEditor.TestRunner.csproj", "{7538E200-0B75-050E-61FF-DF6700EAD29A}"
EndProject
Project("{FAE04EC0-301F-11D3-BF4B-00C04F79EFBC}") = "Unity.PlasticSCM.Editor", "Unity.PlasticSCM.Editor.csproj", "{C54AFA40-650B-3E8D-1756-3DBBFF0EAE32}"
EndProject
Project("{FAE04EC0-301F-11D3-BF4B-00C04F79EFBC}") = "UnityEditor.UI", "UnityEditor.UI.csproj", "{F0F39B67-4B64-44CA-EC32-87654515DA24}"
EndProject
Project("{FAE04EC0-301F-11D3-BF4B-00C04F79EFBC}") = "Unity.Services.Core.Editor", "Unity.Services.Core.Editor.csproj", "{650607F7-DA10-770C-4B26-38C5CF709749}"
EndProject
Project("{FAE04EC0-301F-11D3-BF4B-00C04F79EFBC}") = "Unity.Timeline.Editor", "Unity.Timeline.Editor.csproj", "{2D21052C-76E9-534A-6725-04C3DA18FE5C}"
EndProject
Project("{FAE04EC0-301F-11D3-BF4B-00C04F79EFBC}") = "Unity.VisualStudio.Editor", "Unity.VisualStudio.Editor.csproj", "{0F63C344-3BE4-E4C7-5D9B-A178BA17AEAE}"
EndProject
Project("{FAE04EC0-301F-11D3-BF4B-00C04F79EFBC}") = "Unity.2D.Psdimporter.Editor", "Unity.2D.Psdimporter.Editor.csproj", "{2C6AF269-2736-2B0F-01EF-230BDE9A84C3}"
EndProject
Project("{FAE04EC0-301F-11D3-BF4B-00C04F79EFBC}") = "Unity.2D.Animation.Editor", "Unity.2D.Animation.Editor.csproj", "{67AE1308-91D3-1F80-A5DC-0BCFEE995FAB}"
EndProject
Project("{FAE04EC0-301F-11D3-BF4B-00C04F79EFBC}") = "Unity.TextMeshPro.Editor", "Unity.TextMeshPro.Editor.csproj", "{70AB1149-302D-C199-4E52-E6252C7994D4}"
EndProject
Project("{FAE04EC0-301F-11D3-BF4B-00C04F79EFBC}") = "Unity.2D.SpriteShape.Editor", "Unity.2D.SpriteShape.Editor.csproj", "{D6C433A1-AC9C-91ED-3D38-70B23282F597}"
EndProject
Project("{FAE04EC0-301F-11D3-BF4B-00C04F79EFBC}") = "Unity.CollabProxy.Editor", "Unity.CollabProxy.Editor.csproj", "{4E2A728D-F911-DF13-1242-10B897010230}"
EndProject
Project("{FAE04EC0-301F-11D3-BF4B-00C04F79EFBC}") = "PsdPlugin", "PsdPlugin.csproj", "{5BBAEC66-5848-F6CF-79C2-339C38B654E9}"
EndProject
Project("{FAE04EC0-301F-11D3-BF4B-00C04F79EFBC}") = "Unity.2D.Path.Editor", "Unity.2D.Path.Editor.csproj", "{C4A7E2EC-955A-63FA-45AF-28D398CA3C12}"
EndProject
Project("{FAE04EC0-301F-11D3-BF4B-00C04F79EFBC}") = "Unity.Rider.Editor", "Unity.Rider.Editor.csproj", "{C37C4753-ED6F-4F84-2AB2-9FFB2707674C}"
EndProject
Project("{FAE04EC0-301F-11D3-BF4B-00C04F79EFBC}") = "Unity.2D.IK.Editor", "Unity.2D.IK.Editor.csproj", "{E1DCB042-0D4A-EB2A-93CA-0C48A7B860B2}"
EndProject
Project("{FAE04EC0-301F-11D3-BF4B-00C04F79EFBC}") = "Unity.2D.Sprite.Editor", "Unity.2D.Sprite.Editor.csproj", "{E76F398B-66C3-5A61-87B6-1EA17B3A94EA}"
EndProject
Project("{FAE04EC0-301F-11D3-BF4B-00C04F79EFBC}") = "Unity.2D.Tilemap.Editor", "Unity.2D.Tilemap.Editor.csproj", "{B2186FE4-6DE6-FB9D-CD78-FA250AE7B045}"
EndProject
Project("{FAE04EC0-301F-11D3-BF4B-00C04F79EFBC}") = "Unity.2D.PixelPerfect.Editor", "Unity.2D.PixelPerfect.Editor.csproj", "{E4923867-17C4-8877-0989-04630A974372}"
EndProject
Project("{FAE04EC0-301F-11D3-BF4B-00C04F79EFBC}") = "Unity.VSCode.Editor", "Unity.VSCode.Editor.csproj", "{73B41BB6-52EB-D661-6161-FD5C8E293F3A}"
EndProject
Project("{FAE04EC0-301F-11D3-BF4B-00C04F79EFBC}") = "Unity.2D.Common.Editor", "Unity.2D.Common.Editor.csproj", "{46A8FF60-94CF-C3BA-B6CD-9CDADF10C141}"
EndProject
Project("{FAE04EC0-301F-11D3-BF4B-00C04F79EFBC}") = "Unity.Mathematics.Editor", "Unity.Mathematics.Editor.csproj", "{16A4B6E7-AEEC-DB69-E484-CBAD21025EC6}"
EndProject
Project("{FAE04EC0-301F-11D3-BF4B-00C04F79EFBC}") = "Unity.InternalAPIEditorBridge.001", "Unity.InternalAPIEditorBridge.001.csproj", "{996AAB85-33A8-0FAA-2511-599060A834B2}"
EndProject
Project("{FAE04EC0-301F-11D3-BF4B-00C04F79EFBC}") = "UnityEngine.UI", "UnityEngine.UI.Player.csproj", "{45A1E36E-1C36-2CD5-136D-6DC347DD9D58}"
EndProject
Project("{FAE04EC0-301F-11D3-BF4B-00C04F79EFBC}") = "UnityEngine.TestRunner", "UnityEngine.TestRunner.Player.csproj", "{2D738ED8-8214-E0E5-79E4-0122B68578A3}"
EndProject
Project("{FAE04EC0-301F-11D3-BF4B-00C04F79EFBC}") = "Unity.Mathematics", "Unity.Mathematics.Player.csproj", "{18E6BBB1-C092-B3AE-325D-A4F0429562F6}"
EndProject
Project("{FAE04EC0-301F-11D3-BF4B-00C04F79EFBC}") = "Unity.2D.Animation.Triangle.Runtime", "Unity.2D.Animation.Triangle.Runtime.Player.csproj", "{6E97482B-A6A3-9BD2-3DEF-5970B8CF1D99}"
EndProject
Project("{FAE04EC0-301F-11D3-BF4B-00C04F79EFBC}") = "Unity.Timeline", "Unity.Timeline.Player.csproj", "{3C66495A-F4F0-75CB-C877-5364DBC7BA39}"
EndProject
Project("{FAE04EC0-301F-11D3-BF4B-00C04F79EFBC}") = "Unity.TextMeshPro", "Unity.TextMeshPro.Player.csproj", "{BE3BC2AF-7543-0DEA-8FAD-87E1332D09C9}"
EndProject
Project("{FAE04EC0-301F-11D3-BF4B-00C04F79EFBC}") = "Unity.2D.Animation.Runtime", "Unity.2D.Animation.Runtime.Player.csproj", "{CF8AACF9-8426-B6FD-BDDA-3C48E0A61590}"
EndProject
Project("{FAE04EC0-301F-11D3-BF4B-00C04F79EFBC}") = "Unity.2D.IK.Runtime", "Unity.2D.IK.Runtime.Player.csproj", "{8F0AFEFF-B981-5CF9-507C-3DBCF1D52947}"
EndProject
Project("{FAE04EC0-301F-11D3-BF4B-00C04F79EFBC}") = "Unity.2D.SpriteShape.Runtime", "Unity.2D.SpriteShape.Runtime.Player.csproj", "{744D4D9F-488A-A833-94D5-1EFA5F09A4B3}"
EndProject
Project("{FAE04EC0-301F-11D3-BF4B-00C04F79EFBC}") = "Unity.2D.PixelPerfect", "Unity.2D.PixelPerfect.Player.csproj", "{CF9BC51C-4C5A-7A0F-858E-A33BB2485A23}"
EndProject
Project("{FAE04EC0-301F-11D3-BF4B-00C04F79EFBC}") = "Unity.2D.Common.Runtime", "Unity.2D.Common.Runtime.Player.csproj", "{211965DB-F22B-C569-FCF3-9285FA60EDAD}"
EndProject
Project("{FAE04EC0-301F-11D3-BF4B-00C04F79EFBC}") = "Unity.InternalAPIEngineBridge.001", "Unity.InternalAPIEngineBridge.001.Player.csproj", "{A2B6D7CC-32FE-1804-BF25-D50E74C25529}"
EndProject
Project("{FAE04EC0-301F-11D3-BF4B-00C04F79EFBC}") = "Assembly-CSharp", "Assembly-CSharp.Player.csproj", "{5676B518-CAD1-E155-FC53-C3BE89729E97}"
EndProject
Global
	GlobalSection(SolutionConfigurationPlatforms) = preSolution
		Debug|Any CPU = Debug|Any CPU
		Release|Any CPU = Release|Any CPU
	EndGlobalSection
	GlobalSection(ProjectConfigurationPlatforms) = postSolution
		{BA6245B1-0A9A-E3F4-9B12-AFC677D212B7}.Debug|Any CPU.ActiveCfg = Debug|Any CPU
		{BA6245B1-0A9A-E3F4-9B12-AFC677D212B7}.Debug|Any CPU.Build.0 = Debug|Any CPU
		{BA6245B1-0A9A-E3F4-9B12-AFC677D212B7}.Release|Any CPU.ActiveCfg = Release|Any CPU
		{BA6245B1-0A9A-E3F4-9B12-AFC677D212B7}.Release|Any CPU.Build.0 = Release|Any CPU
		{0C7AA44E-28A0-77F4-7052-09A3D2E5F2F0}.Debug|Any CPU.ActiveCfg = Debug|Any CPU
		{0C7AA44E-28A0-77F4-7052-09A3D2E5F2F0}.Debug|Any CPU.Build.0 = Debug|Any CPU
		{0C7AA44E-28A0-77F4-7052-09A3D2E5F2F0}.Release|Any CPU.ActiveCfg = Release|Any CPU
		{0C7AA44E-28A0-77F4-7052-09A3D2E5F2F0}.Release|Any CPU.Build.0 = Release|Any CPU
		{29A81D80-732B-7448-1B16-24814CF8EC25}.Debug|Any CPU.ActiveCfg = Debug|Any CPU
		{29A81D80-732B-7448-1B16-24814CF8EC25}.Debug|Any CPU.Build.0 = Debug|Any CPU
		{29A81D80-732B-7448-1B16-24814CF8EC25}.Release|Any CPU.ActiveCfg = Release|Any CPU
		{29A81D80-732B-7448-1B16-24814CF8EC25}.Release|Any CPU.Build.0 = Release|Any CPU
		{E8D88667-8F51-8957-21BB-3935DF6FA906}.Debug|Any CPU.ActiveCfg = Debug|Any CPU
		{E8D88667-8F51-8957-21BB-3935DF6FA906}.Debug|Any CPU.Build.0 = Debug|Any CPU
		{E8D88667-8F51-8957-21BB-3935DF6FA906}.Release|Any CPU.ActiveCfg = Release|Any CPU
		{E8D88667-8F51-8957-21BB-3935DF6FA906}.Release|Any CPU.Build.0 = Release|Any CPU
		{F98DEA9D-014A-1B8A-B74E-D81B314F1222}.Debug|Any CPU.ActiveCfg = Debug|Any CPU
		{F98DEA9D-014A-1B8A-B74E-D81B314F1222}.Debug|Any CPU.Build.0 = Debug|Any CPU
		{F98DEA9D-014A-1B8A-B74E-D81B314F1222}.Release|Any CPU.ActiveCfg = Release|Any CPU
		{F98DEA9D-014A-1B8A-B74E-D81B314F1222}.Release|Any CPU.Build.0 = Release|Any CPU
		{6C6B5738-A257-0E4D-E646-DE179FEB3282}.Debug|Any CPU.ActiveCfg = Debug|Any CPU
		{6C6B5738-A257-0E4D-E646-DE179FEB3282}.Debug|Any CPU.Build.0 = Debug|Any CPU
		{6C6B5738-A257-0E4D-E646-DE179FEB3282}.Release|Any CPU.ActiveCfg = Release|Any CPU
		{6C6B5738-A257-0E4D-E646-DE179FEB3282}.Release|Any CPU.Build.0 = Release|Any CPU
		{D7051815-1BD4-6605-ED68-4DB41B675C83}.Debug|Any CPU.ActiveCfg = Debug|Any CPU
		{D7051815-1BD4-6605-ED68-4DB41B675C83}.Debug|Any CPU.Build.0 = Debug|Any CPU
		{D7051815-1BD4-6605-ED68-4DB41B675C83}.Release|Any CPU.ActiveCfg = Release|Any CPU
		{D7051815-1BD4-6605-ED68-4DB41B675C83}.Release|Any CPU.Build.0 = Release|Any CPU
		{4B03F0B6-2F0A-C381-5F77-269048DBC95C}.Debug|Any CPU.ActiveCfg = Debug|Any CPU
		{4B03F0B6-2F0A-C381-5F77-269048DBC95C}.Debug|Any CPU.Build.0 = Debug|Any CPU
		{4B03F0B6-2F0A-C381-5F77-269048DBC95C}.Release|Any CPU.ActiveCfg = Release|Any CPU
		{4B03F0B6-2F0A-C381-5F77-269048DBC95C}.Release|Any CPU.Build.0 = Release|Any CPU
		{E790FDC8-3BB4-EDF7-C1D1-20F768BB0B46}.Debug|Any CPU.ActiveCfg = Debug|Any CPU
		{E790FDC8-3BB4-EDF7-C1D1-20F768BB0B46}.Debug|Any CPU.Build.0 = Debug|Any CPU
		{E790FDC8-3BB4-EDF7-C1D1-20F768BB0B46}.Release|Any CPU.ActiveCfg = Release|Any CPU
		{E790FDC8-3BB4-EDF7-C1D1-20F768BB0B46}.Release|Any CPU.Build.0 = Release|Any CPU
		{753236DF-2288-219F-ACE2-59FA7BACFCF7}.Debug|Any CPU.ActiveCfg = Debug|Any CPU
		{753236DF-2288-219F-ACE2-59FA7BACFCF7}.Debug|Any CPU.Build.0 = Debug|Any CPU
		{753236DF-2288-219F-ACE2-59FA7BACFCF7}.Release|Any CPU.ActiveCfg = Release|Any CPU
		{753236DF-2288-219F-ACE2-59FA7BACFCF7}.Release|Any CPU.Build.0 = Release|Any CPU
		{DF27DA88-BB01-C5D2-6828-64E50D159380}.Debug|Any CPU.ActiveCfg = Debug|Any CPU
		{DF27DA88-BB01-C5D2-6828-64E50D159380}.Debug|Any CPU.Build.0 = Debug|Any CPU
		{DF27DA88-BB01-C5D2-6828-64E50D159380}.Release|Any CPU.ActiveCfg = Release|Any CPU
		{DF27DA88-BB01-C5D2-6828-64E50D159380}.Release|Any CPU.Build.0 = Release|Any CPU
		{DC249BB2-1D9F-B59E-5F1D-AA09B001F1E1}.Debug|Any CPU.ActiveCfg = Debug|Any CPU
		{DC249BB2-1D9F-B59E-5F1D-AA09B001F1E1}.Debug|Any CPU.Build.0 = Debug|Any CPU
		{DC249BB2-1D9F-B59E-5F1D-AA09B001F1E1}.Release|Any CPU.ActiveCfg = Release|Any CPU
		{DC249BB2-1D9F-B59E-5F1D-AA09B001F1E1}.Release|Any CPU.Build.0 = Release|Any CPU
		{F8DFC284-A70C-A8FB-8347-9163928076A1}.Debug|Any CPU.ActiveCfg = Debug|Any CPU
		{F8DFC284-A70C-A8FB-8347-9163928076A1}.Debug|Any CPU.Build.0 = Debug|Any CPU
		{F8DFC284-A70C-A8FB-8347-9163928076A1}.Release|Any CPU.ActiveCfg = Release|Any CPU
		{F8DFC284-A70C-A8FB-8347-9163928076A1}.Release|Any CPU.Build.0 = Release|Any CPU
		{7538E200-0B75-050E-61FF-DF6700EAD29A}.Debug|Any CPU.ActiveCfg = Debug|Any CPU
		{7538E200-0B75-050E-61FF-DF6700EAD29A}.Debug|Any CPU.Build.0 = Debug|Any CPU
		{7538E200-0B75-050E-61FF-DF6700EAD29A}.Release|Any CPU.ActiveCfg = Release|Any CPU
		{7538E200-0B75-050E-61FF-DF6700EAD29A}.Release|Any CPU.Build.0 = Release|Any CPU
		{C54AFA40-650B-3E8D-1756-3DBBFF0EAE32}.Debug|Any CPU.ActiveCfg = Debug|Any CPU
		{C54AFA40-650B-3E8D-1756-3DBBFF0EAE32}.Debug|Any CPU.Build.0 = Debug|Any CPU
		{C54AFA40-650B-3E8D-1756-3DBBFF0EAE32}.Release|Any CPU.ActiveCfg = Release|Any CPU
		{C54AFA40-650B-3E8D-1756-3DBBFF0EAE32}.Release|Any CPU.Build.0 = Release|Any CPU
		{F0F39B67-4B64-44CA-EC32-87654515DA24}.Debug|Any CPU.ActiveCfg = Debug|Any CPU
		{F0F39B67-4B64-44CA-EC32-87654515DA24}.Debug|Any CPU.Build.0 = Debug|Any CPU
		{F0F39B67-4B64-44CA-EC32-87654515DA24}.Release|Any CPU.ActiveCfg = Release|Any CPU
		{F0F39B67-4B64-44CA-EC32-87654515DA24}.Release|Any CPU.Build.0 = Release|Any CPU
		{650607F7-DA10-770C-4B26-38C5CF709749}.Debug|Any CPU.ActiveCfg = Debug|Any CPU
		{650607F7-DA10-770C-4B26-38C5CF709749}.Debug|Any CPU.Build.0 = Debug|Any CPU
		{650607F7-DA10-770C-4B26-38C5CF709749}.Release|Any CPU.ActiveCfg = Release|Any CPU
		{650607F7-DA10-770C-4B26-38C5CF709749}.Release|Any CPU.Build.0 = Release|Any CPU
		{2D21052C-76E9-534A-6725-04C3DA18FE5C}.Debug|Any CPU.ActiveCfg = Debug|Any CPU
		{2D21052C-76E9-534A-6725-04C3DA18FE5C}.Debug|Any CPU.Build.0 = Debug|Any CPU
		{2D21052C-76E9-534A-6725-04C3DA18FE5C}.Release|Any CPU.ActiveCfg = Release|Any CPU
		{2D21052C-76E9-534A-6725-04C3DA18FE5C}.Release|Any CPU.Build.0 = Release|Any CPU
		{0F63C344-3BE4-E4C7-5D9B-A178BA17AEAE}.Debug|Any CPU.ActiveCfg = Debug|Any CPU
		{0F63C344-3BE4-E4C7-5D9B-A178BA17AEAE}.Debug|Any CPU.Build.0 = Debug|Any CPU
		{0F63C344-3BE4-E4C7-5D9B-A178BA17AEAE}.Release|Any CPU.ActiveCfg = Release|Any CPU
		{0F63C344-3BE4-E4C7-5D9B-A178BA17AEAE}.Release|Any CPU.Build.0 = Release|Any CPU
		{2C6AF269-2736-2B0F-01EF-230BDE9A84C3}.Debug|Any CPU.ActiveCfg = Debug|Any CPU
		{2C6AF269-2736-2B0F-01EF-230BDE9A84C3}.Debug|Any CPU.Build.0 = Debug|Any CPU
		{2C6AF269-2736-2B0F-01EF-230BDE9A84C3}.Release|Any CPU.ActiveCfg = Release|Any CPU
		{2C6AF269-2736-2B0F-01EF-230BDE9A84C3}.Release|Any CPU.Build.0 = Release|Any CPU
		{67AE1308-91D3-1F80-A5DC-0BCFEE995FAB}.Debug|Any CPU.ActiveCfg = Debug|Any CPU
		{67AE1308-91D3-1F80-A5DC-0BCFEE995FAB}.Debug|Any CPU.Build.0 = Debug|Any CPU
		{67AE1308-91D3-1F80-A5DC-0BCFEE995FAB}.Release|Any CPU.ActiveCfg = Release|Any CPU
		{67AE1308-91D3-1F80-A5DC-0BCFEE995FAB}.Release|Any CPU.Build.0 = Release|Any CPU
		{70AB1149-302D-C199-4E52-E6252C7994D4}.Debug|Any CPU.ActiveCfg = Debug|Any CPU
		{70AB1149-302D-C199-4E52-E6252C7994D4}.Debug|Any CPU.Build.0 = Debug|Any CPU
		{70AB1149-302D-C199-4E52-E6252C7994D4}.Release|Any CPU.ActiveCfg = Release|Any CPU
		{70AB1149-302D-C199-4E52-E6252C7994D4}.Release|Any CPU.Build.0 = Release|Any CPU
		{D6C433A1-AC9C-91ED-3D38-70B23282F597}.Debug|Any CPU.ActiveCfg = Debug|Any CPU
		{D6C433A1-AC9C-91ED-3D38-70B23282F597}.Debug|Any CPU.Build.0 = Debug|Any CPU
		{D6C433A1-AC9C-91ED-3D38-70B23282F597}.Release|Any CPU.ActiveCfg = Release|Any CPU
		{D6C433A1-AC9C-91ED-3D38-70B23282F597}.Release|Any CPU.Build.0 = Release|Any CPU
		{4E2A728D-F911-DF13-1242-10B897010230}.Debug|Any CPU.ActiveCfg = Debug|Any CPU
		{4E2A728D-F911-DF13-1242-10B897010230}.Debug|Any CPU.Build.0 = Debug|Any CPU
		{4E2A728D-F911-DF13-1242-10B897010230}.Release|Any CPU.ActiveCfg = Release|Any CPU
		{4E2A728D-F911-DF13-1242-10B897010230}.Release|Any CPU.Build.0 = Release|Any CPU
		{5BBAEC66-5848-F6CF-79C2-339C38B654E9}.Debug|Any CPU.ActiveCfg = Debug|Any CPU
		{5BBAEC66-5848-F6CF-79C2-339C38B654E9}.Debug|Any CPU.Build.0 = Debug|Any CPU
		{5BBAEC66-5848-F6CF-79C2-339C38B654E9}.Release|Any CPU.ActiveCfg = Release|Any CPU
		{5BBAEC66-5848-F6CF-79C2-339C38B654E9}.Release|Any CPU.Build.0 = Release|Any CPU
		{C4A7E2EC-955A-63FA-45AF-28D398CA3C12}.Debug|Any CPU.ActiveCfg = Debug|Any CPU
		{C4A7E2EC-955A-63FA-45AF-28D398CA3C12}.Debug|Any CPU.Build.0 = Debug|Any CPU
		{C4A7E2EC-955A-63FA-45AF-28D398CA3C12}.Release|Any CPU.ActiveCfg = Release|Any CPU
		{C4A7E2EC-955A-63FA-45AF-28D398CA3C12}.Release|Any CPU.Build.0 = Release|Any CPU
		{C37C4753-ED6F-4F84-2AB2-9FFB2707674C}.Debug|Any CPU.ActiveCfg = Debug|Any CPU
		{C37C4753-ED6F-4F84-2AB2-9FFB2707674C}.Debug|Any CPU.Build.0 = Debug|Any CPU
		{C37C4753-ED6F-4F84-2AB2-9FFB2707674C}.Release|Any CPU.ActiveCfg = Release|Any CPU
		{C37C4753-ED6F-4F84-2AB2-9FFB2707674C}.Release|Any CPU.Build.0 = Release|Any CPU
		{E1DCB042-0D4A-EB2A-93CA-0C48A7B860B2}.Debug|Any CPU.ActiveCfg = Debug|Any CPU
		{E1DCB042-0D4A-EB2A-93CA-0C48A7B860B2}.Debug|Any CPU.Build.0 = Debug|Any CPU
		{E1DCB042-0D4A-EB2A-93CA-0C48A7B860B2}.Release|Any CPU.ActiveCfg = Release|Any CPU
		{E1DCB042-0D4A-EB2A-93CA-0C48A7B860B2}.Release|Any CPU.Build.0 = Release|Any CPU
		{E76F398B-66C3-5A61-87B6-1EA17B3A94EA}.Debug|Any CPU.ActiveCfg = Debug|Any CPU
		{E76F398B-66C3-5A61-87B6-1EA17B3A94EA}.Debug|Any CPU.Build.0 = Debug|Any CPU
		{E76F398B-66C3-5A61-87B6-1EA17B3A94EA}.Release|Any CPU.ActiveCfg = Release|Any CPU
		{E76F398B-66C3-5A61-87B6-1EA17B3A94EA}.Release|Any CPU.Build.0 = Release|Any CPU
		{B2186FE4-6DE6-FB9D-CD78-FA250AE7B045}.Debug|Any CPU.ActiveCfg = Debug|Any CPU
		{B2186FE4-6DE6-FB9D-CD78-FA250AE7B045}.Debug|Any CPU.Build.0 = Debug|Any CPU
		{B2186FE4-6DE6-FB9D-CD78-FA250AE7B045}.Release|Any CPU.ActiveCfg = Release|Any CPU
		{B2186FE4-6DE6-FB9D-CD78-FA250AE7B045}.Release|Any CPU.Build.0 = Release|Any CPU
		{E4923867-17C4-8877-0989-04630A974372}.Debug|Any CPU.ActiveCfg = Debug|Any CPU
		{E4923867-17C4-8877-0989-04630A974372}.Debug|Any CPU.Build.0 = Debug|Any CPU
		{E4923867-17C4-8877-0989-04630A974372}.Release|Any CPU.ActiveCfg = Release|Any CPU
		{E4923867-17C4-8877-0989-04630A974372}.Release|Any CPU.Build.0 = Release|Any CPU
		{73B41BB6-52EB-D661-6161-FD5C8E293F3A}.Debug|Any CPU.ActiveCfg = Debug|Any CPU
		{73B41BB6-52EB-D661-6161-FD5C8E293F3A}.Debug|Any CPU.Build.0 = Debug|Any CPU
		{73B41BB6-52EB-D661-6161-FD5C8E293F3A}.Release|Any CPU.ActiveCfg = Release|Any CPU
		{73B41BB6-52EB-D661-6161-FD5C8E293F3A}.Release|Any CPU.Build.0 = Release|Any CPU
		{46A8FF60-94CF-C3BA-B6CD-9CDADF10C141}.Debug|Any CPU.ActiveCfg = Debug|Any CPU
		{46A8FF60-94CF-C3BA-B6CD-9CDADF10C141}.Debug|Any CPU.Build.0 = Debug|Any CPU
		{46A8FF60-94CF-C3BA-B6CD-9CDADF10C141}.Release|Any CPU.ActiveCfg = Release|Any CPU
		{46A8FF60-94CF-C3BA-B6CD-9CDADF10C141}.Release|Any CPU.Build.0 = Release|Any CPU
		{16A4B6E7-AEEC-DB69-E484-CBAD21025EC6}.Debug|Any CPU.ActiveCfg = Debug|Any CPU
		{16A4B6E7-AEEC-DB69-E484-CBAD21025EC6}.Debug|Any CPU.Build.0 = Debug|Any CPU
		{16A4B6E7-AEEC-DB69-E484-CBAD21025EC6}.Release|Any CPU.ActiveCfg = Release|Any CPU
		{16A4B6E7-AEEC-DB69-E484-CBAD21025EC6}.Release|Any CPU.Build.0 = Release|Any CPU
		{996AAB85-33A8-0FAA-2511-599060A834B2}.Debug|Any CPU.ActiveCfg = Debug|Any CPU
		{996AAB85-33A8-0FAA-2511-599060A834B2}.Debug|Any CPU.Build.0 = Debug|Any CPU
		{996AAB85-33A8-0FAA-2511-599060A834B2}.Release|Any CPU.ActiveCfg = Release|Any CPU
		{996AAB85-33A8-0FAA-2511-599060A834B2}.Release|Any CPU.Build.0 = Release|Any CPU
		{45A1E36E-1C36-2CD5-136D-6DC347DD9D58}.Debug|Any CPU.ActiveCfg = Debug|Any CPU
		{45A1E36E-1C36-2CD5-136D-6DC347DD9D58}.Debug|Any CPU.Build.0 = Debug|Any CPU
		{45A1E36E-1C36-2CD5-136D-6DC347DD9D58}.Release|Any CPU.ActiveCfg = Release|Any CPU
		{45A1E36E-1C36-2CD5-136D-6DC347DD9D58}.Release|Any CPU.Build.0 = Release|Any CPU
		{2D738ED8-8214-E0E5-79E4-0122B68578A3}.Debug|Any CPU.ActiveCfg = Debug|Any CPU
		{2D738ED8-8214-E0E5-79E4-0122B68578A3}.Debug|Any CPU.Build.0 = Debug|Any CPU
		{2D738ED8-8214-E0E5-79E4-0122B68578A3}.Release|Any CPU.ActiveCfg = Release|Any CPU
		{2D738ED8-8214-E0E5-79E4-0122B68578A3}.Release|Any CPU.Build.0 = Release|Any CPU
		{18E6BBB1-C092-B3AE-325D-A4F0429562F6}.Debug|Any CPU.ActiveCfg = Debug|Any CPU
		{18E6BBB1-C092-B3AE-325D-A4F0429562F6}.Debug|Any CPU.Build.0 = Debug|Any CPU
		{18E6BBB1-C092-B3AE-325D-A4F0429562F6}.Release|Any CPU.ActiveCfg = Release|Any CPU
		{18E6BBB1-C092-B3AE-325D-A4F0429562F6}.Release|Any CPU.Build.0 = Release|Any CPU
		{6E97482B-A6A3-9BD2-3DEF-5970B8CF1D99}.Debug|Any CPU.ActiveCfg = Debug|Any CPU
		{6E97482B-A6A3-9BD2-3DEF-5970B8CF1D99}.Debug|Any CPU.Build.0 = Debug|Any CPU
		{6E97482B-A6A3-9BD2-3DEF-5970B8CF1D99}.Release|Any CPU.ActiveCfg = Release|Any CPU
		{6E97482B-A6A3-9BD2-3DEF-5970B8CF1D99}.Release|Any CPU.Build.0 = Release|Any CPU
		{3C66495A-F4F0-75CB-C877-5364DBC7BA39}.Debug|Any CPU.ActiveCfg = Debug|Any CPU
		{3C66495A-F4F0-75CB-C877-5364DBC7BA39}.Debug|Any CPU.Build.0 = Debug|Any CPU
		{3C66495A-F4F0-75CB-C877-5364DBC7BA39}.Release|Any CPU.ActiveCfg = Release|Any CPU
		{3C66495A-F4F0-75CB-C877-5364DBC7BA39}.Release|Any CPU.Build.0 = Release|Any CPU
		{BE3BC2AF-7543-0DEA-8FAD-87E1332D09C9}.Debug|Any CPU.ActiveCfg = Debug|Any CPU
		{BE3BC2AF-7543-0DEA-8FAD-87E1332D09C9}.Debug|Any CPU.Build.0 = Debug|Any CPU
		{BE3BC2AF-7543-0DEA-8FAD-87E1332D09C9}.Release|Any CPU.ActiveCfg = Release|Any CPU
		{BE3BC2AF-7543-0DEA-8FAD-87E1332D09C9}.Release|Any CPU.Build.0 = Release|Any CPU
		{CF8AACF9-8426-B6FD-BDDA-3C48E0A61590}.Debug|Any CPU.ActiveCfg = Debug|Any CPU
		{CF8AACF9-8426-B6FD-BDDA-3C48E0A61590}.Debug|Any CPU.Build.0 = Debug|Any CPU
		{CF8AACF9-8426-B6FD-BDDA-3C48E0A61590}.Release|Any CPU.ActiveCfg = Release|Any CPU
		{CF8AACF9-8426-B6FD-BDDA-3C48E0A61590}.Release|Any CPU.Build.0 = Release|Any CPU
		{8F0AFEFF-B981-5CF9-507C-3DBCF1D52947}.Debug|Any CPU.ActiveCfg = Debug|Any CPU
		{8F0AFEFF-B981-5CF9-507C-3DBCF1D52947}.Debug|Any CPU.Build.0 = Debug|Any CPU
		{8F0AFEFF-B981-5CF9-507C-3DBCF1D52947}.Release|Any CPU.ActiveCfg = Release|Any CPU
		{8F0AFEFF-B981-5CF9-507C-3DBCF1D52947}.Release|Any CPU.Build.0 = Release|Any CPU
		{744D4D9F-488A-A833-94D5-1EFA5F09A4B3}.Debug|Any CPU.ActiveCfg = Debug|Any CPU
		{744D4D9F-488A-A833-94D5-1EFA5F09A4B3}.Debug|Any CPU.Build.0 = Debug|Any CPU
		{744D4D9F-488A-A833-94D5-1EFA5F09A4B3}.Release|Any CPU.ActiveCfg = Release|Any CPU
		{744D4D9F-488A-A833-94D5-1EFA5F09A4B3}.Release|Any CPU.Build.0 = Release|Any CPU
		{CF9BC51C-4C5A-7A0F-858E-A33BB2485A23}.Debug|Any CPU.ActiveCfg = Debug|Any CPU
		{CF9BC51C-4C5A-7A0F-858E-A33BB2485A23}.Debug|Any CPU.Build.0 = Debug|Any CPU
		{CF9BC51C-4C5A-7A0F-858E-A33BB2485A23}.Release|Any CPU.ActiveCfg = Release|Any CPU
		{CF9BC51C-4C5A-7A0F-858E-A33BB2485A23}.Release|Any CPU.Build.0 = Release|Any CPU
		{211965DB-F22B-C569-FCF3-9285FA60EDAD}.Debug|Any CPU.ActiveCfg = Debug|Any CPU
		{211965DB-F22B-C569-FCF3-9285FA60EDAD}.Debug|Any CPU.Build.0 = Debug|Any CPU
		{211965DB-F22B-C569-FCF3-9285FA60EDAD}.Release|Any CPU.ActiveCfg = Release|Any CPU
		{211965DB-F22B-C569-FCF3-9285FA60EDAD}.Release|Any CPU.Build.0 = Release|Any CPU
		{A2B6D7CC-32FE-1804-BF25-D50E74C25529}.Debug|Any CPU.ActiveCfg = Debug|Any CPU
		{A2B6D7CC-32FE-1804-BF25-D50E74C25529}.Debug|Any CPU.Build.0 = Debug|Any CPU
		{A2B6D7CC-32FE-1804-BF25-D50E74C25529}.Release|Any CPU.ActiveCfg = Release|Any CPU
		{A2B6D7CC-32FE-1804-BF25-D50E74C25529}.Release|Any CPU.Build.0 = Release|Any CPU
		{5676B518-CAD1-E155-FC53-C3BE89729E97}.Debug|Any CPU.ActiveCfg = Debug|Any CPU
		{5676B518-CAD1-E155-FC53-C3BE89729E97}.Debug|Any CPU.Build.0 = Debug|Any CPU
		{5676B518-CAD1-E155-FC53-C3BE89729E97}.Release|Any CPU.ActiveCfg = Release|Any CPU
		{5676B518-CAD1-E155-FC53-C3BE89729E97}.Release|Any CPU.Build.0 = Release|Any CPU
	EndGlobalSection
	GlobalSection(SolutionProperties) = preSolution
		HideSolutionNode = FALSE
	EndGlobalSection
EndGlobal
